// !$*UTF8*$!
{
	archiveVersion = 1;
	classes = {
	};
	objectVersion = 55;
	objects = {

/* Begin PBXBuildFile section */
		4D1DF3F70B13D1F93AD4E39F /* Pods_ProjectManager.framework in Frameworks */ = {isa = PBXBuildFile; fileRef = B9E1EE52A77CD8A59090782B /* Pods_ProjectManager.framework */; };
		B32142B92887D7F300F8CBE9 /* ContentViewModel.swift in Sources */ = {isa = PBXBuildFile; fileRef = B32142B82887D7F300F8CBE9 /* ContentViewModel.swift */; };
		B32142BD2887DCBB00F8CBE9 /* ListViewModel.swift in Sources */ = {isa = PBXBuildFile; fileRef = B32142BC2887DCBB00F8CBE9 /* ListViewModel.swift */; };
		B32142C32887E18900F8CBE9 /* EditViewModel.swift in Sources */ = {isa = PBXBuildFile; fileRef = B32142C22887E18900F8CBE9 /* EditViewModel.swift */; };
		B32142C52887E6EB00F8CBE9 /* RegisterViewModel.swift in Sources */ = {isa = PBXBuildFile; fileRef = B32142C42887E6EB00F8CBE9 /* RegisterViewModel.swift */; };
		B32429F52890123B00BA5700 /* ListView.swift in Sources */ = {isa = PBXBuildFile; fileRef = B32429F42890123B00BA5700 /* ListView.swift */; };
		B32C993028899AAC00C1F891 /* ViewModelType.swift in Sources */ = {isa = PBXBuildFile; fileRef = B32C992F28899AAB00C1F891 /* ViewModelType.swift */; };
		B335136B287579DF00BF3495 /* SheetView.swift in Sources */ = {isa = PBXBuildFile; fileRef = B335136A287579DF00BF3495 /* SheetView.swift */; };
		B38E4329289156DA00D276A1 /* HistoryView.swift in Sources */ = {isa = PBXBuildFile; fileRef = B38E4328289156DA00D276A1 /* HistoryView.swift */; };
		B38E432B28915A4B00D276A1 /* History.swift in Sources */ = {isa = PBXBuildFile; fileRef = B38E432A28915A4B00D276A1 /* History.swift */; };
		B38E432D28915C7000D276A1 /* HistoryViewModel.swift in Sources */ = {isa = PBXBuildFile; fileRef = B38E432C28915C7000D276A1 /* HistoryViewModel.swift */; };
		B39F102A2873DDC100475AE4 /* ProjectManagerApp.swift in Sources */ = {isa = PBXBuildFile; fileRef = B39F10292873DDC100475AE4 /* ProjectManagerApp.swift */; };
		B39F102C2873DDC100475AE4 /* ContentView.swift in Sources */ = {isa = PBXBuildFile; fileRef = B39F102B2873DDC100475AE4 /* ContentView.swift */; };
		B39F102E2873DDC300475AE4 /* Assets.xcassets in Resources */ = {isa = PBXBuildFile; fileRef = B39F102D2873DDC300475AE4 /* Assets.xcassets */; };
		B39F10312873DDC300475AE4 /* Preview Assets.xcassets in Resources */ = {isa = PBXBuildFile; fileRef = B39F10302873DDC300475AE4 /* Preview Assets.xcassets */; };
		B3B28F4328756B1000A3CB57 /* EditView.swift in Sources */ = {isa = PBXBuildFile; fileRef = B3B28F4228756B1000A3CB57 /* EditView.swift */; };
		B3BDBB51287FA82E0072933E /* RegisterView.swift in Sources */ = {isa = PBXBuildFile; fileRef = B3BDBB50287FA82E0072933E /* RegisterView.swift */; };
		B3CA0B79287D09ED0047E1D1 /* TaskManagementService.swift in Sources */ = {isa = PBXBuildFile; fileRef = B3CA0B78287D09ED0047E1D1 /* TaskManagementService.swift */; };
		B3CA0B7B287D0A620047E1D1 /* Task.swift in Sources */ = {isa = PBXBuildFile; fileRef = B3CA0B7A287D0A620047E1D1 /* Task.swift */; };
		B3CA0B7E287D0FE90047E1D1 /* Date+extension.swift in Sources */ = {isa = PBXBuildFile; fileRef = B3CA0B7D287D0FE90047E1D1 /* Date+extension.swift */; };
		B3EA5F12287481F6000713F7 /* GoogleService-Info.plist in Resources */ = {isa = PBXBuildFile; fileRef = B3EA5F11287481F6000713F7 /* GoogleService-Info.plist */; };
		DA626F902893A87F00490848 /* ListRowViewModel.swift in Sources */ = {isa = PBXBuildFile; fileRef = DA626F8F2893A87F00490848 /* ListRowViewModel.swift */; };
		DA6A312D2889C081008AFA28 /* HeaderView.swift in Sources */ = {isa = PBXBuildFile; fileRef = DA6A312C2889C081008AFA28 /* HeaderView.swift */; };
		DA79E414287525C3000192CC /* ListRowView.swift in Sources */ = {isa = PBXBuildFile; fileRef = DA79E413287525C3000192CC /* ListRowView.swift */; };
		DA79E41A28755DC6000192CC /* NavigationBarModifier.swift in Sources */ = {isa = PBXBuildFile; fileRef = DA79E41928755DC6000192CC /* NavigationBarModifier.swift */; };
/* End PBXBuildFile section */

/* Begin PBXFileReference section */
		1D72654DC4BFA807FB52648D /* Pods-ProjectManager.release.xcconfig */ = {isa = PBXFileReference; includeInIndex = 1; lastKnownFileType = text.xcconfig; name = "Pods-ProjectManager.release.xcconfig"; path = "Target Support Files/Pods-ProjectManager/Pods-ProjectManager.release.xcconfig"; sourceTree = "<group>"; };
		36BFEBDB78A6B9082D6BEADA /* Pods-ProjectManager.debug.xcconfig */ = {isa = PBXFileReference; includeInIndex = 1; lastKnownFileType = text.xcconfig; name = "Pods-ProjectManager.debug.xcconfig"; path = "Target Support Files/Pods-ProjectManager/Pods-ProjectManager.debug.xcconfig"; sourceTree = "<group>"; };
		B32142B82887D7F300F8CBE9 /* ContentViewModel.swift */ = {isa = PBXFileReference; lastKnownFileType = sourcecode.swift; path = ContentViewModel.swift; sourceTree = "<group>"; };
		B32142BC2887DCBB00F8CBE9 /* ListViewModel.swift */ = {isa = PBXFileReference; lastKnownFileType = sourcecode.swift; path = ListViewModel.swift; sourceTree = "<group>"; };
		B32142C22887E18900F8CBE9 /* EditViewModel.swift */ = {isa = PBXFileReference; lastKnownFileType = sourcecode.swift; path = EditViewModel.swift; sourceTree = "<group>"; };
		B32142C42887E6EB00F8CBE9 /* RegisterViewModel.swift */ = {isa = PBXFileReference; lastKnownFileType = sourcecode.swift; path = RegisterViewModel.swift; sourceTree = "<group>"; };
		B32429F42890123B00BA5700 /* ListView.swift */ = {isa = PBXFileReference; lastKnownFileType = sourcecode.swift; path = ListView.swift; sourceTree = "<group>"; };
		B32C992F28899AAB00C1F891 /* ViewModelType.swift */ = {isa = PBXFileReference; lastKnownFileType = sourcecode.swift; path = ViewModelType.swift; sourceTree = "<group>"; };
		B335136A287579DF00BF3495 /* SheetView.swift */ = {isa = PBXFileReference; lastKnownFileType = sourcecode.swift; path = SheetView.swift; sourceTree = "<group>"; };
		B38E4328289156DA00D276A1 /* HistoryView.swift */ = {isa = PBXFileReference; lastKnownFileType = sourcecode.swift; path = HistoryView.swift; sourceTree = "<group>"; };
		B38E432A28915A4B00D276A1 /* History.swift */ = {isa = PBXFileReference; lastKnownFileType = sourcecode.swift; path = History.swift; sourceTree = "<group>"; };
		B38E432C28915C7000D276A1 /* HistoryViewModel.swift */ = {isa = PBXFileReference; lastKnownFileType = sourcecode.swift; name = HistoryViewModel.swift; path = ProjectManager/View/HistoryViewModel.swift; sourceTree = SOURCE_ROOT; };
		B39F10262873DDC100475AE4 /* ProjectManager.app */ = {isa = PBXFileReference; explicitFileType = wrapper.application; includeInIndex = 0; path = ProjectManager.app; sourceTree = BUILT_PRODUCTS_DIR; };
		B39F10292873DDC100475AE4 /* ProjectManagerApp.swift */ = {isa = PBXFileReference; lastKnownFileType = sourcecode.swift; path = ProjectManagerApp.swift; sourceTree = "<group>"; };
		B39F102B2873DDC100475AE4 /* ContentView.swift */ = {isa = PBXFileReference; lastKnownFileType = sourcecode.swift; path = ContentView.swift; sourceTree = "<group>"; };
		B39F102D2873DDC300475AE4 /* Assets.xcassets */ = {isa = PBXFileReference; lastKnownFileType = folder.assetcatalog; path = Assets.xcassets; sourceTree = "<group>"; };
		B39F10302873DDC300475AE4 /* Preview Assets.xcassets */ = {isa = PBXFileReference; lastKnownFileType = folder.assetcatalog; path = "Preview Assets.xcassets"; sourceTree = "<group>"; };
		B3B28F4228756B1000A3CB57 /* EditView.swift */ = {isa = PBXFileReference; lastKnownFileType = sourcecode.swift; path = EditView.swift; sourceTree = "<group>"; };
		B3BDBB50287FA82E0072933E /* RegisterView.swift */ = {isa = PBXFileReference; lastKnownFileType = sourcecode.swift; path = RegisterView.swift; sourceTree = "<group>"; };
		B3CA0B78287D09ED0047E1D1 /* TaskManagementService.swift */ = {isa = PBXFileReference; lastKnownFileType = sourcecode.swift; path = TaskManagementService.swift; sourceTree = "<group>"; };
		B3CA0B7A287D0A620047E1D1 /* Task.swift */ = {isa = PBXFileReference; lastKnownFileType = sourcecode.swift; path = Task.swift; sourceTree = "<group>"; };
		B3CA0B7D287D0FE90047E1D1 /* Date+extension.swift */ = {isa = PBXFileReference; lastKnownFileType = sourcecode.swift; path = "Date+extension.swift"; sourceTree = "<group>"; };
		B3EA5F11287481F6000713F7 /* GoogleService-Info.plist */ = {isa = PBXFileReference; fileEncoding = 4; lastKnownFileType = text.plist.xml; path = "GoogleService-Info.plist"; sourceTree = "<group>"; };
		B9E1EE52A77CD8A59090782B /* Pods_ProjectManager.framework */ = {isa = PBXFileReference; explicitFileType = wrapper.framework; includeInIndex = 0; path = Pods_ProjectManager.framework; sourceTree = BUILT_PRODUCTS_DIR; };
		DA626F8F2893A87F00490848 /* ListRowViewModel.swift */ = {isa = PBXFileReference; lastKnownFileType = sourcecode.swift; path = ListRowViewModel.swift; sourceTree = "<group>"; };
		DA6A312C2889C081008AFA28 /* HeaderView.swift */ = {isa = PBXFileReference; lastKnownFileType = sourcecode.swift; path = HeaderView.swift; sourceTree = "<group>"; };
		DA79E413287525C3000192CC /* ListRowView.swift */ = {isa = PBXFileReference; lastKnownFileType = sourcecode.swift; path = ListRowView.swift; sourceTree = "<group>"; };
		DA79E41928755DC6000192CC /* NavigationBarModifier.swift */ = {isa = PBXFileReference; lastKnownFileType = sourcecode.swift; path = NavigationBarModifier.swift; sourceTree = "<group>"; };
/* End PBXFileReference section */

/* Begin PBXFrameworksBuildPhase section */
		B39F10232873DDC100475AE4 /* Frameworks */ = {
			isa = PBXFrameworksBuildPhase;
			buildActionMask = 2147483647;
			files = (
				4D1DF3F70B13D1F93AD4E39F /* Pods_ProjectManager.framework in Frameworks */,
			);
			runOnlyForDeploymentPostprocessing = 0;
		};
/* End PBXFrameworksBuildPhase section */

/* Begin PBXGroup section */
		21EA22F88D38E8D520DC792E /* Frameworks */ = {
			isa = PBXGroup;
			children = (
				B9E1EE52A77CD8A59090782B /* Pods_ProjectManager.framework */,
			);
			name = Frameworks;
			sourceTree = "<group>";
		};
		323FAC110681348030142BF6 /* Pods */ = {
			isa = PBXGroup;
			children = (
				36BFEBDB78A6B9082D6BEADA /* Pods-ProjectManager.debug.xcconfig */,
				1D72654DC4BFA807FB52648D /* Pods-ProjectManager.release.xcconfig */,
			);
			path = Pods;
			sourceTree = "<group>";
		};
		B32C993128899ABD00C1F891 /* Service */ = {
			isa = PBXGroup;
			children = (
				B3CA0B78287D09ED0047E1D1 /* TaskManagementService.swift */,
			);
			path = Service;
			sourceTree = "<group>";
		};
		B397C23628770478003E2FEC /* ViewModel */ = {
			isa = PBXGroup;
			children = (
				B32C992F28899AAB00C1F891 /* ViewModelType.swift */,
				B32142B82887D7F300F8CBE9 /* ContentViewModel.swift */,
				B38E432C28915C7000D276A1 /* HistoryViewModel.swift */,
				B32142BC2887DCBB00F8CBE9 /* ListViewModel.swift */,
				B32142C42887E6EB00F8CBE9 /* RegisterViewModel.swift */,
				B32142C22887E18900F8CBE9 /* EditViewModel.swift */,
				DA626F8F2893A87F00490848 /* ListRowViewModel.swift */,
			);
			path = ViewModel;
			sourceTree = "<group>";
		};
		B39F101D2873DDC100475AE4 = {
			isa = PBXGroup;
			children = (
				B39F10282873DDC100475AE4 /* ProjectManager */,
				B39F10272873DDC100475AE4 /* Products */,
				323FAC110681348030142BF6 /* Pods */,
				21EA22F88D38E8D520DC792E /* Frameworks */,
			);
			sourceTree = "<group>";
		};
		B39F10272873DDC100475AE4 /* Products */ = {
			isa = PBXGroup;
			children = (
				B39F10262873DDC100475AE4 /* ProjectManager.app */,
			);
			name = Products;
			sourceTree = "<group>";
		};
		B39F10282873DDC100475AE4 /* ProjectManager */ = {
			isa = PBXGroup;
			children = (
				B39F10292873DDC100475AE4 /* ProjectManagerApp.swift */,
				B39F102D2873DDC300475AE4 /* Assets.xcassets */,
				B3EA5F11287481F6000713F7 /* GoogleService-Info.plist */,
				DA79E41F28756508000192CC /* Model */,
				DA79E4202875650D000192CC /* View */,
				B397C23628770478003E2FEC /* ViewModel */,
				B32C993128899ABD00C1F891 /* Service */,
				B3CA0B7C287D0FD60047E1D1 /* Extension */,
				B39F102F2873DDC300475AE4 /* Preview Content */,
			);
			path = ProjectManager;
			sourceTree = "<group>";
		};
		B39F102F2873DDC300475AE4 /* Preview Content */ = {
			isa = PBXGroup;
			children = (
				B39F10302873DDC300475AE4 /* Preview Assets.xcassets */,
			);
			path = "Preview Content";
			sourceTree = "<group>";
		};
		B3CA0B7C287D0FD60047E1D1 /* Extension */ = {
			isa = PBXGroup;
			children = (
				B3CA0B7D287D0FE90047E1D1 /* Date+extension.swift */,
			);
			path = Extension;
			sourceTree = "<group>";
		};
		DA79E41F28756508000192CC /* Model */ = {
			isa = PBXGroup;
			children = (
				DA79E41928755DC6000192CC /* NavigationBarModifier.swift */,
				B3CA0B7A287D0A620047E1D1 /* Task.swift */,
				B38E432A28915A4B00D276A1 /* History.swift */,
			);
			path = Model;
			sourceTree = "<group>";
		};
		DA79E4202875650D000192CC /* View */ = {
			isa = PBXGroup;
			children = (
				B39F102B2873DDC100475AE4 /* ContentView.swift */,
				B38E4328289156DA00D276A1 /* HistoryView.swift */,
				B32429F42890123B00BA5700 /* ListView.swift */,
				DA79E413287525C3000192CC /* ListRowView.swift */,
				B3BDBB50287FA82E0072933E /* RegisterView.swift */,
				B3B28F4228756B1000A3CB57 /* EditView.swift */,
				B335136A287579DF00BF3495 /* SheetView.swift */,
				DA6A312C2889C081008AFA28 /* HeaderView.swift */,
			);
			path = View;
			sourceTree = "<group>";
		};
/* End PBXGroup section */

/* Begin PBXNativeTarget section */
		B39F10252873DDC100475AE4 /* ProjectManager */ = {
			isa = PBXNativeTarget;
			buildConfigurationList = B39F10342873DDC300475AE4 /* Build configuration list for PBXNativeTarget "ProjectManager" */;
			buildPhases = (
				CFACFD496F04BF6B319EB2A2 /* [CP] Check Pods Manifest.lock */,
				B39F10222873DDC100475AE4 /* Sources */,
				B39F10232873DDC100475AE4 /* Frameworks */,
				B39F10242873DDC100475AE4 /* Resources */,
				B7E9BEFD7883ADB918572557 /* [CP] Copy Pods Resources */,
			);
			buildRules = (
			);
			dependencies = (
			);
			name = ProjectManager;
			productName = ProjectManager;
			productReference = B39F10262873DDC100475AE4 /* ProjectManager.app */;
			productType = "com.apple.product-type.application";
		};
/* End PBXNativeTarget section */

/* Begin PBXProject section */
		B39F101E2873DDC100475AE4 /* Project object */ = {
			isa = PBXProject;
			attributes = {
				BuildIndependentTargetsInParallel = 1;
				LastSwiftUpdateCheck = 1320;
				LastUpgradeCheck = 1320;
				TargetAttributes = {
					B39F10252873DDC100475AE4 = {
						CreatedOnToolsVersion = 13.2.1;
					};
				};
			};
			buildConfigurationList = B39F10212873DDC100475AE4 /* Build configuration list for PBXProject "ProjectManager" */;
			compatibilityVersion = "Xcode 13.0";
			developmentRegion = en;
			hasScannedForEncodings = 0;
			knownRegions = (
				en,
				Base,
			);
			mainGroup = B39F101D2873DDC100475AE4;
			productRefGroup = B39F10272873DDC100475AE4 /* Products */;
			projectDirPath = "";
			projectRoot = "";
			targets = (
				B39F10252873DDC100475AE4 /* ProjectManager */,
			);
		};
/* End PBXProject section */

/* Begin PBXResourcesBuildPhase section */
		B39F10242873DDC100475AE4 /* Resources */ = {
			isa = PBXResourcesBuildPhase;
			buildActionMask = 2147483647;
			files = (
				B39F10312873DDC300475AE4 /* Preview Assets.xcassets in Resources */,
				B39F102E2873DDC300475AE4 /* Assets.xcassets in Resources */,
				B3EA5F12287481F6000713F7 /* GoogleService-Info.plist in Resources */,
			);
			runOnlyForDeploymentPostprocessing = 0;
		};
/* End PBXResourcesBuildPhase section */

/* Begin PBXShellScriptBuildPhase section */
		B7E9BEFD7883ADB918572557 /* [CP] Copy Pods Resources */ = {
			isa = PBXShellScriptBuildPhase;
			buildActionMask = 2147483647;
			files = (
			);
			inputFileListPaths = (
				"${PODS_ROOT}/Target Support Files/Pods-ProjectManager/Pods-ProjectManager-resources-${CONFIGURATION}-input-files.xcfilelist",
			);
			name = "[CP] Copy Pods Resources";
			outputFileListPaths = (
				"${PODS_ROOT}/Target Support Files/Pods-ProjectManager/Pods-ProjectManager-resources-${CONFIGURATION}-output-files.xcfilelist",
			);
			runOnlyForDeploymentPostprocessing = 0;
			shellPath = /bin/sh;
			shellScript = "\"${PODS_ROOT}/Target Support Files/Pods-ProjectManager/Pods-ProjectManager-resources.sh\"\n";
			showEnvVarsInLog = 0;
		};
		CFACFD496F04BF6B319EB2A2 /* [CP] Check Pods Manifest.lock */ = {
			isa = PBXShellScriptBuildPhase;
			buildActionMask = 2147483647;
			files = (
			);
			inputFileListPaths = (
			);
			inputPaths = (
				"${PODS_PODFILE_DIR_PATH}/Podfile.lock",
				"${PODS_ROOT}/Manifest.lock",
			);
			name = "[CP] Check Pods Manifest.lock";
			outputFileListPaths = (
			);
			outputPaths = (
				"$(DERIVED_FILE_DIR)/Pods-ProjectManager-checkManifestLockResult.txt",
			);
			runOnlyForDeploymentPostprocessing = 0;
			shellPath = /bin/sh;
			shellScript = "diff \"${PODS_PODFILE_DIR_PATH}/Podfile.lock\" \"${PODS_ROOT}/Manifest.lock\" > /dev/null\nif [ $? != 0 ] ; then\n    # print error to STDERR\n    echo \"error: The sandbox is not in sync with the Podfile.lock. Run 'pod install' or update your CocoaPods installation.\" >&2\n    exit 1\nfi\n# This output is used by Xcode 'outputs' to avoid re-running this script phase.\necho \"SUCCESS\" > \"${SCRIPT_OUTPUT_FILE_0}\"\n";
			showEnvVarsInLog = 0;
		};
/* End PBXShellScriptBuildPhase section */

/* Begin PBXSourcesBuildPhase section */
		B39F10222873DDC100475AE4 /* Sources */ = {
			isa = PBXSourcesBuildPhase;
			buildActionMask = 2147483647;
			files = (
				B3CA0B7E287D0FE90047E1D1 /* Date+extension.swift in Sources */,
				DA79E41A28755DC6000192CC /* NavigationBarModifier.swift in Sources */,
				B38E432B28915A4B00D276A1 /* History.swift in Sources */,
				B39F102C2873DDC100475AE4 /* ContentView.swift in Sources */,
				B32142B92887D7F300F8CBE9 /* ContentViewModel.swift in Sources */,
				B39F102A2873DDC100475AE4 /* ProjectManagerApp.swift in Sources */,
				B32142BD2887DCBB00F8CBE9 /* ListViewModel.swift in Sources */,
				B32429F52890123B00BA5700 /* ListView.swift in Sources */,
				B38E4329289156DA00D276A1 /* HistoryView.swift in Sources */,
				B32142C32887E18900F8CBE9 /* EditViewModel.swift in Sources */,
				DA626F902893A87F00490848 /* ListRowViewModel.swift in Sources */,
				B3CA0B7B287D0A620047E1D1 /* Task.swift in Sources */,
				B3B28F4328756B1000A3CB57 /* EditView.swift in Sources */,
				DA6A312D2889C081008AFA28 /* HeaderView.swift in Sources */,
				B3CA0B79287D09ED0047E1D1 /* TaskManagementService.swift in Sources */,
				B3BDBB51287FA82E0072933E /* RegisterView.swift in Sources */,
				B38E432D28915C7000D276A1 /* HistoryViewModel.swift in Sources */,
				B32C993028899AAC00C1F891 /* ViewModelType.swift in Sources */,
				B335136B287579DF00BF3495 /* SheetView.swift in Sources */,
				DA79E414287525C3000192CC /* ListRowView.swift in Sources */,
				B32142C52887E6EB00F8CBE9 /* RegisterViewModel.swift in Sources */,
			);
			runOnlyForDeploymentPostprocessing = 0;
		};
/* End PBXSourcesBuildPhase section */

/* Begin XCBuildConfiguration section */
		B39F10322873DDC300475AE4 /* Debug */ = {
			isa = XCBuildConfiguration;
			buildSettings = {
				ALWAYS_SEARCH_USER_PATHS = NO;
				CLANG_ANALYZER_NONNULL = YES;
				CLANG_ANALYZER_NUMBER_OBJECT_CONVERSION = YES_AGGRESSIVE;
				CLANG_CXX_LANGUAGE_STANDARD = "gnu++17";
				CLANG_CXX_LIBRARY = "libc++";
				CLANG_ENABLE_MODULES = YES;
				CLANG_ENABLE_OBJC_ARC = YES;
				CLANG_ENABLE_OBJC_WEAK = YES;
				CLANG_WARN_BLOCK_CAPTURE_AUTORELEASING = YES;
				CLANG_WARN_BOOL_CONVERSION = YES;
				CLANG_WARN_COMMA = YES;
				CLANG_WARN_CONSTANT_CONVERSION = YES;
				CLANG_WARN_DEPRECATED_OBJC_IMPLEMENTATIONS = YES;
				CLANG_WARN_DIRECT_OBJC_ISA_USAGE = YES_ERROR;
				CLANG_WARN_DOCUMENTATION_COMMENTS = YES;
				CLANG_WARN_EMPTY_BODY = YES;
				CLANG_WARN_ENUM_CONVERSION = YES;
				CLANG_WARN_INFINITE_RECURSION = YES;
				CLANG_WARN_INT_CONVERSION = YES;
				CLANG_WARN_NON_LITERAL_NULL_CONVERSION = YES;
				CLANG_WARN_OBJC_IMPLICIT_RETAIN_SELF = YES;
				CLANG_WARN_OBJC_LITERAL_CONVERSION = YES;
				CLANG_WARN_OBJC_ROOT_CLASS = YES_ERROR;
				CLANG_WARN_QUOTED_INCLUDE_IN_FRAMEWORK_HEADER = YES;
				CLANG_WARN_RANGE_LOOP_ANALYSIS = YES;
				CLANG_WARN_STRICT_PROTOTYPES = YES;
				CLANG_WARN_SUSPICIOUS_MOVE = YES;
				CLANG_WARN_UNGUARDED_AVAILABILITY = YES_AGGRESSIVE;
				CLANG_WARN_UNREACHABLE_CODE = YES;
				CLANG_WARN__DUPLICATE_METHOD_MATCH = YES;
				COPY_PHASE_STRIP = NO;
				DEBUG_INFORMATION_FORMAT = dwarf;
				ENABLE_STRICT_OBJC_MSGSEND = YES;
				ENABLE_TESTABILITY = YES;
				GCC_C_LANGUAGE_STANDARD = gnu11;
				GCC_DYNAMIC_NO_PIC = NO;
				GCC_NO_COMMON_BLOCKS = YES;
				GCC_OPTIMIZATION_LEVEL = 0;
				GCC_PREPROCESSOR_DEFINITIONS = (
					"DEBUG=1",
					"$(inherited)",
				);
				GCC_WARN_64_TO_32_BIT_CONVERSION = YES;
				GCC_WARN_ABOUT_RETURN_TYPE = YES_ERROR;
				GCC_WARN_UNDECLARED_SELECTOR = YES;
				GCC_WARN_UNINITIALIZED_AUTOS = YES_AGGRESSIVE;
				GCC_WARN_UNUSED_FUNCTION = YES;
				GCC_WARN_UNUSED_VARIABLE = YES;
				IPHONEOS_DEPLOYMENT_TARGET = 15.2;
				MTL_ENABLE_DEBUG_INFO = INCLUDE_SOURCE;
				MTL_FAST_MATH = YES;
				ONLY_ACTIVE_ARCH = YES;
				SDKROOT = iphoneos;
				SWIFT_ACTIVE_COMPILATION_CONDITIONS = DEBUG;
				SWIFT_OPTIMIZATION_LEVEL = "-Onone";
			};
			name = Debug;
		};
		B39F10332873DDC300475AE4 /* Release */ = {
			isa = XCBuildConfiguration;
			buildSettings = {
				ALWAYS_SEARCH_USER_PATHS = NO;
				CLANG_ANALYZER_NONNULL = YES;
				CLANG_ANALYZER_NUMBER_OBJECT_CONVERSION = YES_AGGRESSIVE;
				CLANG_CXX_LANGUAGE_STANDARD = "gnu++17";
				CLANG_CXX_LIBRARY = "libc++";
				CLANG_ENABLE_MODULES = YES;
				CLANG_ENABLE_OBJC_ARC = YES;
				CLANG_ENABLE_OBJC_WEAK = YES;
				CLANG_WARN_BLOCK_CAPTURE_AUTORELEASING = YES;
				CLANG_WARN_BOOL_CONVERSION = YES;
				CLANG_WARN_COMMA = YES;
				CLANG_WARN_CONSTANT_CONVERSION = YES;
				CLANG_WARN_DEPRECATED_OBJC_IMPLEMENTATIONS = YES;
				CLANG_WARN_DIRECT_OBJC_ISA_USAGE = YES_ERROR;
				CLANG_WARN_DOCUMENTATION_COMMENTS = YES;
				CLANG_WARN_EMPTY_BODY = YES;
				CLANG_WARN_ENUM_CONVERSION = YES;
				CLANG_WARN_INFINITE_RECURSION = YES;
				CLANG_WARN_INT_CONVERSION = YES;
				CLANG_WARN_NON_LITERAL_NULL_CONVERSION = YES;
				CLANG_WARN_OBJC_IMPLICIT_RETAIN_SELF = YES;
				CLANG_WARN_OBJC_LITERAL_CONVERSION = YES;
				CLANG_WARN_OBJC_ROOT_CLASS = YES_ERROR;
				CLANG_WARN_QUOTED_INCLUDE_IN_FRAMEWORK_HEADER = YES;
				CLANG_WARN_RANGE_LOOP_ANALYSIS = YES;
				CLANG_WARN_STRICT_PROTOTYPES = YES;
				CLANG_WARN_SUSPICIOUS_MOVE = YES;
				CLANG_WARN_UNGUARDED_AVAILABILITY = YES_AGGRESSIVE;
				CLANG_WARN_UNREACHABLE_CODE = YES;
				CLANG_WARN__DUPLICATE_METHOD_MATCH = YES;
				COPY_PHASE_STRIP = NO;
				DEBUG_INFORMATION_FORMAT = "dwarf-with-dsym";
				ENABLE_NS_ASSERTIONS = NO;
				ENABLE_STRICT_OBJC_MSGSEND = YES;
				GCC_C_LANGUAGE_STANDARD = gnu11;
				GCC_NO_COMMON_BLOCKS = YES;
				GCC_WARN_64_TO_32_BIT_CONVERSION = YES;
				GCC_WARN_ABOUT_RETURN_TYPE = YES_ERROR;
				GCC_WARN_UNDECLARED_SELECTOR = YES;
				GCC_WARN_UNINITIALIZED_AUTOS = YES_AGGRESSIVE;
				GCC_WARN_UNUSED_FUNCTION = YES;
				GCC_WARN_UNUSED_VARIABLE = YES;
				IPHONEOS_DEPLOYMENT_TARGET = 15.2;
				MTL_ENABLE_DEBUG_INFO = NO;
				MTL_FAST_MATH = YES;
				SDKROOT = iphoneos;
				SWIFT_COMPILATION_MODE = wholemodule;
				SWIFT_OPTIMIZATION_LEVEL = "-O";
				VALIDATE_PRODUCT = YES;
			};
			name = Release;
		};
		B39F10352873DDC300475AE4 /* Debug */ = {
			isa = XCBuildConfiguration;
			baseConfigurationReference = 36BFEBDB78A6B9082D6BEADA /* Pods-ProjectManager.debug.xcconfig */;
			buildSettings = {
				ASSETCATALOG_COMPILER_APPICON_NAME = AppIcon;
				ASSETCATALOG_COMPILER_GLOBAL_ACCENT_COLOR_NAME = AccentColor;
				CODE_SIGN_STYLE = Automatic;
				CURRENT_PROJECT_VERSION = 1;
				DEVELOPMENT_ASSET_PATHS = "\"ProjectManager/Preview Content\"";
				ENABLE_PREVIEWS = YES;
				GENERATE_INFOPLIST_FILE = YES;
				INFOPLIST_KEY_UIApplicationSceneManifest_Generation = YES;
				INFOPLIST_KEY_UIApplicationSupportsIndirectInputEvents = YES;
				INFOPLIST_KEY_UILaunchScreen_Generation = YES;
				INFOPLIST_KEY_UISupportedInterfaceOrientations = "UIInterfaceOrientationLandscapeLeft UIInterfaceOrientationLandscapeRight";
				INFOPLIST_KEY_UISupportedInterfaceOrientations_iPad = "UIInterfaceOrientationPortrait UIInterfaceOrientationPortraitUpsideDown UIInterfaceOrientationLandscapeLeft UIInterfaceOrientationLandscapeRight";
				INFOPLIST_KEY_UISupportedInterfaceOrientations_iPhone = "UIInterfaceOrientationPortrait UIInterfaceOrientationLandscapeLeft UIInterfaceOrientationLandscapeRight";
				LD_RUNPATH_SEARCH_PATHS = (
					"$(inherited)",
					"@executable_path/Frameworks",
				);
				MARKETING_VERSION = 1.0;
				PRODUCT_BUNDLE_IDENTIFIER = com.marisol.ProjectManager;
				PRODUCT_NAME = "$(TARGET_NAME)";
				SWIFT_EMIT_LOC_STRINGS = YES;
				SWIFT_VERSION = 5.0;
				TARGETED_DEVICE_FAMILY = "1,2";
			};
			name = Debug;
		};
		B39F10362873DDC300475AE4 /* Release */ = {
			isa = XCBuildConfiguration;
			baseConfigurationReference = 1D72654DC4BFA807FB52648D /* Pods-ProjectManager.release.xcconfig */;
			buildSettings = {
				ASSETCATALOG_COMPILER_APPICON_NAME = AppIcon;
				ASSETCATALOG_COMPILER_GLOBAL_ACCENT_COLOR_NAME = AccentColor;
				CODE_SIGN_STYLE = Automatic;
				CURRENT_PROJECT_VERSION = 1;
				DEVELOPMENT_ASSET_PATHS = "\"ProjectManager/Preview Content\"";
				DEVELOPMENT_TEAM = 3PT6ZHQG99;
				ENABLE_PREVIEWS = YES;
				GENERATE_INFOPLIST_FILE = YES;
				INFOPLIST_KEY_UIApplicationSceneManifest_Generation = YES;
				INFOPLIST_KEY_UIApplicationSupportsIndirectInputEvents = YES;
				INFOPLIST_KEY_UILaunchScreen_Generation = YES;
				INFOPLIST_KEY_UISupportedInterfaceOrientations = "UIInterfaceOrientationLandscapeLeft UIInterfaceOrientationLandscapeRight";
				INFOPLIST_KEY_UISupportedInterfaceOrientations_iPad = "UIInterfaceOrientationPortrait UIInterfaceOrientationPortraitUpsideDown UIInterfaceOrientationLandscapeLeft UIInterfaceOrientationLandscapeRight";
				INFOPLIST_KEY_UISupportedInterfaceOrientations_iPhone = "UIInterfaceOrientationPortrait UIInterfaceOrientationLandscapeLeft UIInterfaceOrientationLandscapeRight";
				LD_RUNPATH_SEARCH_PATHS = (
					"$(inherited)",
					"@executable_path/Frameworks",
				);
				MARKETING_VERSION = 1.0;
				PRODUCT_BUNDLE_IDENTIFIER = com.marisol.ProjectManager;
				PRODUCT_NAME = "$(TARGET_NAME)";
				SWIFT_EMIT_LOC_STRINGS = YES;
				SWIFT_VERSION = 5.0;
				TARGETED_DEVICE_FAMILY = "1,2";
			};
			name = Release;
		};
/* End XCBuildConfiguration section */

/* Begin XCConfigurationList section */
		B39F10212873DDC100475AE4 /* Build configuration list for PBXProject "ProjectManager" */ = {
			isa = XCConfigurationList;
			buildConfigurations = (
				B39F10322873DDC300475AE4 /* Debug */,
				B39F10332873DDC300475AE4 /* Release */,
			);
			defaultConfigurationIsVisible = 0;
			defaultConfigurationName = Release;
		};
		B39F10342873DDC300475AE4 /* Build configuration list for PBXNativeTarget "ProjectManager" */ = {
			isa = XCConfigurationList;
			buildConfigurations = (
				B39F10352873DDC300475AE4 /* Debug */,
				B39F10362873DDC300475AE4 /* Release */,
			);
			defaultConfigurationIsVisible = 0;
			defaultConfigurationName = Release;
		};
/* End XCConfigurationList section */
	};
	rootObject = B39F101E2873DDC100475AE4 /* Project object */;
}
