// !$*UTF8*$!
{
	archiveVersion = 1;
	classes = {
	};
	objectVersion = 50;
	objects = {

/* Begin PBXBuildFile section */
		D061D3D42689BD860022F8AE /* AppDelegate.swift in Sources */ = {isa = PBXBuildFile; fileRef = D061D3D32689BD860022F8AE /* AppDelegate.swift */; };
		D061D3D62689BD860022F8AE /* SceneDelegate.swift in Sources */ = {isa = PBXBuildFile; fileRef = D061D3D52689BD860022F8AE /* SceneDelegate.swift */; };
		D061D3D82689BD860022F8AE /* ViewController.swift in Sources */ = {isa = PBXBuildFile; fileRef = D061D3D72689BD860022F8AE /* ViewController.swift */; };
		D061D3DB2689BD860022F8AE /* Main.storyboard in Resources */ = {isa = PBXBuildFile; fileRef = D061D3D92689BD860022F8AE /* Main.storyboard */; };
		D061D3DD2689BD880022F8AE /* Assets.xcassets in Resources */ = {isa = PBXBuildFile; fileRef = D061D3DC2689BD880022F8AE /* Assets.xcassets */; };
		D061D3E02689BD880022F8AE /* LaunchScreen.storyboard in Resources */ = {isa = PBXBuildFile; fileRef = D061D3DE2689BD880022F8AE /* LaunchScreen.storyboard */; };
		D061D3EB2689BD880022F8AE /* PracticeTests.swift in Sources */ = {isa = PBXBuildFile; fileRef = D061D3EA2689BD880022F8AE /* PracticeTests.swift */; };
		D061D3F62689BD880022F8AE /* PracticeUITests.swift in Sources */ = {isa = PBXBuildFile; fileRef = D061D3F52689BD880022F8AE /* PracticeUITests.swift */; };
/* End PBXBuildFile section */

/* Begin PBXContainerItemProxy section */
		D061D3E72689BD880022F8AE /* PBXContainerItemProxy */ = {
			isa = PBXContainerItemProxy;
			containerPortal = D061D3C82689BD860022F8AE /* Project object */;
			proxyType = 1;
			remoteGlobalIDString = D061D3CF2689BD860022F8AE;
			remoteInfo = Practice;
		};
		D061D3F22689BD880022F8AE /* PBXContainerItemProxy */ = {
			isa = PBXContainerItemProxy;
			containerPortal = D061D3C82689BD860022F8AE /* Project object */;
			proxyType = 1;
			remoteGlobalIDString = D061D3CF2689BD860022F8AE;
			remoteInfo = Practice;
		};
/* End PBXContainerItemProxy section */

/* Begin PBXFileReference section */
		D061D3D02689BD860022F8AE /* Practice.app */ = {isa = PBXFileReference; explicitFileType = wrapper.application; includeInIndex = 0; path = Practice.app; sourceTree = BUILT_PRODUCTS_DIR; };
		D061D3D32689BD860022F8AE /* AppDelegate.swift */ = {isa = PBXFileReference; lastKnownFileType = sourcecode.swift; path = AppDelegate.swift; sourceTree = "<group>"; };
		D061D3D52689BD860022F8AE /* SceneDelegate.swift */ = {isa = PBXFileReference; lastKnownFileType = sourcecode.swift; path = SceneDelegate.swift; sourceTree = "<group>"; };
		D061D3D72689BD860022F8AE /* ViewController.swift */ = {isa = PBXFileReference; lastKnownFileType = sourcecode.swift; path = ViewController.swift; sourceTree = "<group>"; };
		D061D3DA2689BD860022F8AE /* Base */ = {isa = PBXFileReference; lastKnownFileType = file.storyboard; name = Base; path = Base.lproj/Main.storyboard; sourceTree = "<group>"; };
		D061D3DC2689BD880022F8AE /* Assets.xcassets */ = {isa = PBXFileReference; lastKnownFileType = folder.assetcatalog; path = Assets.xcassets; sourceTree = "<group>"; };
		D061D3DF2689BD880022F8AE /* Base */ = {isa = PBXFileReference; lastKnownFileType = file.storyboard; name = Base; path = Base.lproj/LaunchScreen.storyboard; sourceTree = "<group>"; };
		D061D3E12689BD880022F8AE /* Info.plist */ = {isa = PBXFileReference; lastKnownFileType = text.plist.xml; path = Info.plist; sourceTree = "<group>"; };
		D061D3E62689BD880022F8AE /* PracticeTests.xctest */ = {isa = PBXFileReference; explicitFileType = wrapper.cfbundle; includeInIndex = 0; path = PracticeTests.xctest; sourceTree = BUILT_PRODUCTS_DIR; };
		D061D3EA2689BD880022F8AE /* PracticeTests.swift */ = {isa = PBXFileReference; lastKnownFileType = sourcecode.swift; path = PracticeTests.swift; sourceTree = "<group>"; };
		D061D3EC2689BD880022F8AE /* Info.plist */ = {isa = PBXFileReference; lastKnownFileType = text.plist.xml; path = Info.plist; sourceTree = "<group>"; };
		D061D3F12689BD880022F8AE /* PracticeUITests.xctest */ = {isa = PBXFileReference; explicitFileType = wrapper.cfbundle; includeInIndex = 0; path = PracticeUITests.xctest; sourceTree = BUILT_PRODUCTS_DIR; };
		D061D3F52689BD880022F8AE /* PracticeUITests.swift */ = {isa = PBXFileReference; lastKnownFileType = sourcecode.swift; path = PracticeUITests.swift; sourceTree = "<group>"; };
		D061D3F72689BD880022F8AE /* Info.plist */ = {isa = PBXFileReference; lastKnownFileType = text.plist.xml; path = Info.plist; sourceTree = "<group>"; };
/* End PBXFileReference section */

/* Begin PBXFrameworksBuildPhase section */
		D061D3CD2689BD860022F8AE /* Frameworks */ = {
			isa = PBXFrameworksBuildPhase;
			buildActionMask = 2147483647;
			files = (
			);
			runOnlyForDeploymentPostprocessing = 0;
		};
		D061D3E32689BD880022F8AE /* Frameworks */ = {
			isa = PBXFrameworksBuildPhase;
			buildActionMask = 2147483647;
			files = (
			);
			runOnlyForDeploymentPostprocessing = 0;
		};
		D061D3EE2689BD880022F8AE /* Frameworks */ = {
			isa = PBXFrameworksBuildPhase;
			buildActionMask = 2147483647;
			files = (
			);
			runOnlyForDeploymentPostprocessing = 0;
		};
/* End PBXFrameworksBuildPhase section */

/* Begin PBXGroup section */
		D061D3C72689BD860022F8AE = {
			isa = PBXGroup;
			children = (
				D061D3D22689BD860022F8AE /* Practice */,
				D061D3E92689BD880022F8AE /* PracticeTests */,
				D061D3F42689BD880022F8AE /* PracticeUITests */,
				D061D3D12689BD860022F8AE /* Products */,
			);
			sourceTree = "<group>";
		};
		D061D3D12689BD860022F8AE /* Products */ = {
			isa = PBXGroup;
			children = (
				D061D3D02689BD860022F8AE /* Practice.app */,
				D061D3E62689BD880022F8AE /* PracticeTests.xctest */,
				D061D3F12689BD880022F8AE /* PracticeUITests.xctest */,
			);
			name = Products;
			sourceTree = "<group>";
		};
		D061D3D22689BD860022F8AE /* Practice */ = {
			isa = PBXGroup;
			children = (
				D061D3D32689BD860022F8AE /* AppDelegate.swift */,
				D061D3D52689BD860022F8AE /* SceneDelegate.swift */,
				D061D3D72689BD860022F8AE /* ViewController.swift */,
				D061D3D92689BD860022F8AE /* Main.storyboard */,
				D061D3DC2689BD880022F8AE /* Assets.xcassets */,
				D061D3DE2689BD880022F8AE /* LaunchScreen.storyboard */,
				D061D3E12689BD880022F8AE /* Info.plist */,
			);
			path = Practice;
			sourceTree = "<group>";
		};
		D061D3E92689BD880022F8AE /* PracticeTests */ = {
			isa = PBXGroup;
			children = (
				D061D3EA2689BD880022F8AE /* PracticeTests.swift */,
				D061D3EC2689BD880022F8AE /* Info.plist */,
			);
			path = PracticeTests;
			sourceTree = "<group>";
		};
		D061D3F42689BD880022F8AE /* PracticeUITests */ = {
			isa = PBXGroup;
			children = (
				D061D3F52689BD880022F8AE /* PracticeUITests.swift */,
				D061D3F72689BD880022F8AE /* Info.plist */,
			);
			path = PracticeUITests;
			sourceTree = "<group>";
		};
/* End PBXGroup section */

/* Begin PBXNativeTarget section */
		D061D3CF2689BD860022F8AE /* Practice */ = {
			isa = PBXNativeTarget;
			buildConfigurationList = D061D3FA2689BD880022F8AE /* Build configuration list for PBXNativeTarget "Practice" */;
			buildPhases = (
				D061D3CC2689BD860022F8AE /* Sources */,
				D061D3CD2689BD860022F8AE /* Frameworks */,
				D061D3CE2689BD860022F8AE /* Resources */,
			);
			buildRules = (
			);
			dependencies = (
			);
			name = Practice;
			productName = Practice;
			productReference = D061D3D02689BD860022F8AE /* Practice.app */;
			productType = "com.apple.product-type.application";
		};
		D061D3E52689BD880022F8AE /* PracticeTests */ = {
			isa = PBXNativeTarget;
			buildConfigurationList = D061D3FD2689BD880022F8AE /* Build configuration list for PBXNativeTarget "PracticeTests" */;
			buildPhases = (
				D061D3E22689BD880022F8AE /* Sources */,
				D061D3E32689BD880022F8AE /* Frameworks */,
				D061D3E42689BD880022F8AE /* Resources */,
			);
			buildRules = (
			);
			dependencies = (
				D061D3E82689BD880022F8AE /* PBXTargetDependency */,
			);
			name = PracticeTests;
			productName = PracticeTests;
			productReference = D061D3E62689BD880022F8AE /* PracticeTests.xctest */;
			productType = "com.apple.product-type.bundle.unit-test";
		};
		D061D3F02689BD880022F8AE /* PracticeUITests */ = {
			isa = PBXNativeTarget;
			buildConfigurationList = D061D4002689BD880022F8AE /* Build configuration list for PBXNativeTarget "PracticeUITests" */;
			buildPhases = (
				D061D3ED2689BD880022F8AE /* Sources */,
				D061D3EE2689BD880022F8AE /* Frameworks */,
				D061D3EF2689BD880022F8AE /* Resources */,
			);
			buildRules = (
			);
			dependencies = (
				D061D3F32689BD880022F8AE /* PBXTargetDependency */,
			);
			name = PracticeUITests;
			productName = PracticeUITests;
			productReference = D061D3F12689BD880022F8AE /* PracticeUITests.xctest */;
			productType = "com.apple.product-type.bundle.ui-testing";
		};
/* End PBXNativeTarget section */

/* Begin PBXProject section */
		D061D3C82689BD860022F8AE /* Project object */ = {
			isa = PBXProject;
			attributes = {
				LastSwiftUpdateCheck = 1250;
				LastUpgradeCheck = 1250;
				TargetAttributes = {
					D061D3CF2689BD860022F8AE = {
						CreatedOnToolsVersion = 12.5;
					};
					D061D3E52689BD880022F8AE = {
						CreatedOnToolsVersion = 12.5;
						TestTargetID = D061D3CF2689BD860022F8AE;
					};
					D061D3F02689BD880022F8AE = {
						CreatedOnToolsVersion = 12.5;
						TestTargetID = D061D3CF2689BD860022F8AE;
					};
				};
			};
			buildConfigurationList = D061D3CB2689BD860022F8AE /* Build configuration list for PBXProject "Practice" */;
			compatibilityVersion = "Xcode 9.3";
			developmentRegion = en;
			hasScannedForEncodings = 0;
			knownRegions = (
				en,
				Base,
			);
			mainGroup = D061D3C72689BD860022F8AE;
			productRefGroup = D061D3D12689BD860022F8AE /* Products */;
			projectDirPath = "";
			projectRoot = "";
			targets = (
				D061D3CF2689BD860022F8AE /* Practice */,
				D061D3E52689BD880022F8AE /* PracticeTests */,
				D061D3F02689BD880022F8AE /* PracticeUITests */,
			);
		};
/* End PBXProject section */

/* Begin PBXResourcesBuildPhase section */
		D061D3CE2689BD860022F8AE /* Resources */ = {
			isa = PBXResourcesBuildPhase;
			buildActionMask = 2147483647;
			files = (
				D061D3E02689BD880022F8AE /* LaunchScreen.storyboard in Resources */,
				D061D3DD2689BD880022F8AE /* Assets.xcassets in Resources */,
				D061D3DB2689BD860022F8AE /* Main.storyboard in Resources */,
			);
			runOnlyForDeploymentPostprocessing = 0;
		};
		D061D3E42689BD880022F8AE /* Resources */ = {
			isa = PBXResourcesBuildPhase;
			buildActionMask = 2147483647;
			files = (
			);
			runOnlyForDeploymentPostprocessing = 0;
		};
		D061D3EF2689BD880022F8AE /* Resources */ = {
			isa = PBXResourcesBuildPhase;
			buildActionMask = 2147483647;
			files = (
			);
			runOnlyForDeploymentPostprocessing = 0;
		};
/* End PBXResourcesBuildPhase section */

/* Begin PBXSourcesBuildPhase section */
		D061D3CC2689BD860022F8AE /* Sources */ = {
			isa = PBXSourcesBuildPhase;
			buildActionMask = 2147483647;
			files = (
				D061D3D82689BD860022F8AE /* ViewController.swift in Sources */,
				D061D3D42689BD860022F8AE /* AppDelegate.swift in Sources */,
				D061D3D62689BD860022F8AE /* SceneDelegate.swift in Sources */,
			);
			runOnlyForDeploymentPostprocessing = 0;
		};
		D061D3E22689BD880022F8AE /* Sources */ = {
			isa = PBXSourcesBuildPhase;
			buildActionMask = 2147483647;
			files = (
				D061D3EB2689BD880022F8AE /* PracticeTests.swift in Sources */,
			);
			runOnlyForDeploymentPostprocessing = 0;
		};
		D061D3ED2689BD880022F8AE /* Sources */ = {
			isa = PBXSourcesBuildPhase;
			buildActionMask = 2147483647;
			files = (
				D061D3F62689BD880022F8AE /* PracticeUITests.swift in Sources */,
			);
			runOnlyForDeploymentPostprocessing = 0;
		};
/* End PBXSourcesBuildPhase section */

/* Begin PBXTargetDependency section */
		D061D3E82689BD880022F8AE /* PBXTargetDependency */ = {
			isa = PBXTargetDependency;
			target = D061D3CF2689BD860022F8AE /* Practice */;
			targetProxy = D061D3E72689BD880022F8AE /* PBXContainerItemProxy */;
		};
		D061D3F32689BD880022F8AE /* PBXTargetDependency */ = {
			isa = PBXTargetDependency;
			target = D061D3CF2689BD860022F8AE /* Practice */;
			targetProxy = D061D3F22689BD880022F8AE /* PBXContainerItemProxy */;
		};
/* End PBXTargetDependency section */

/* Begin PBXVariantGroup section */
		D061D3D92689BD860022F8AE /* Main.storyboard */ = {
			isa = PBXVariantGroup;
			children = (
				D061D3DA2689BD860022F8AE /* Base */,
			);
			name = Main.storyboard;
			sourceTree = "<group>";
		};
		D061D3DE2689BD880022F8AE /* LaunchScreen.storyboard */ = {
			isa = PBXVariantGroup;
			children = (
				D061D3DF2689BD880022F8AE /* Base */,
			);
			name = LaunchScreen.storyboard;
			sourceTree = "<group>";
		};
/* End PBXVariantGroup section */

/* Begin XCBuildConfiguration section */
		D061D3F82689BD880022F8AE /* Debug */ = {
			isa = XCBuildConfiguration;
			buildSettings = {
				ALWAYS_SEARCH_USER_PATHS = NO;
				CLANG_ANALYZER_NONNULL = YES;
				CLANG_ANALYZER_NUMBER_OBJECT_CONVERSION = YES_AGGRESSIVE;
				CLANG_CXX_LANGUAGE_STANDARD = "gnu++14";
				CLANG_CXX_LIBRARY = "libc++";
				CLANG_ENABLE_MODULES = YES;
				CLANG_ENABLE_OBJC_ARC = YES;
				CLANG_ENABLE_OBJC_WEAK = YES;
				CLANG_WARN_BLOCK_CAPTURE_AUTORELEASING = YES;
				CLANG_WARN_BOOL_CONVERSION = YES;
				CLANG_WARN_COMMA = YES;
				CLANG_WARN_CONSTANT_CONVERSION = YES;
				CLANG_WARN_DEPRECATED_OBJC_IMPLEMENTATIONS = YES;
				CLANG_WARN_DIRECT_OBJC_ISA_USAGE = YES_ERROR;
				CLANG_WARN_DOCUMENTATION_COMMENTS = YES;
				CLANG_WARN_EMPTY_BODY = YES;
				CLANG_WARN_ENUM_CONVERSION = YES;
				CLANG_WARN_INFINITE_RECURSION = YES;
				CLANG_WARN_INT_CONVERSION = YES;
				CLANG_WARN_NON_LITERAL_NULL_CONVERSION = YES;
				CLANG_WARN_OBJC_IMPLICIT_RETAIN_SELF = YES;
				CLANG_WARN_OBJC_LITERAL_CONVERSION = YES;
				CLANG_WARN_OBJC_ROOT_CLASS = YES_ERROR;
				CLANG_WARN_QUOTED_INCLUDE_IN_FRAMEWORK_HEADER = YES;
				CLANG_WARN_RANGE_LOOP_ANALYSIS = YES;
				CLANG_WARN_STRICT_PROTOTYPES = YES;
				CLANG_WARN_SUSPICIOUS_MOVE = YES;
				CLANG_WARN_UNGUARDED_AVAILABILITY = YES_AGGRESSIVE;
				CLANG_WARN_UNREACHABLE_CODE = YES;
				CLANG_WARN__DUPLICATE_METHOD_MATCH = YES;
				COPY_PHASE_STRIP = NO;
				DEBUG_INFORMATION_FORMAT = dwarf;
				ENABLE_STRICT_OBJC_MSGSEND = YES;
				ENABLE_TESTABILITY = YES;
				GCC_C_LANGUAGE_STANDARD = gnu11;
				GCC_DYNAMIC_NO_PIC = NO;
				GCC_NO_COMMON_BLOCKS = YES;
				GCC_OPTIMIZATION_LEVEL = 0;
				GCC_PREPROCESSOR_DEFINITIONS = (
					"DEBUG=1",
					"$(inherited)",
				);
				GCC_WARN_64_TO_32_BIT_CONVERSION = YES;
				GCC_WARN_ABOUT_RETURN_TYPE = YES_ERROR;
				GCC_WARN_UNDECLARED_SELECTOR = YES;
				GCC_WARN_UNINITIALIZED_AUTOS = YES_AGGRESSIVE;
				GCC_WARN_UNUSED_FUNCTION = YES;
				GCC_WARN_UNUSED_VARIABLE = YES;
				IPHONEOS_DEPLOYMENT_TARGET = 14.5;
				MTL_ENABLE_DEBUG_INFO = INCLUDE_SOURCE;
				MTL_FAST_MATH = YES;
				ONLY_ACTIVE_ARCH = YES;
				SDKROOT = iphoneos;
				SWIFT_ACTIVE_COMPILATION_CONDITIONS = DEBUG;
				SWIFT_OPTIMIZATION_LEVEL = "-Onone";
			};
			name = Debug;
		};
		D061D3F92689BD880022F8AE /* Release */ = {
			isa = XCBuildConfiguration;
			buildSettings = {
				ALWAYS_SEARCH_USER_PATHS = NO;
				CLANG_ANALYZER_NONNULL = YES;
				CLANG_ANALYZER_NUMBER_OBJECT_CONVERSION = YES_AGGRESSIVE;
				CLANG_CXX_LANGUAGE_STANDARD = "gnu++14";
				CLANG_CXX_LIBRARY = "libc++";
				CLANG_ENABLE_MODULES = YES;
				CLANG_ENABLE_OBJC_ARC = YES;
				CLANG_ENABLE_OBJC_WEAK = YES;
				CLANG_WARN_BLOCK_CAPTURE_AUTORELEASING = YES;
				CLANG_WARN_BOOL_CONVERSION = YES;
				CLANG_WARN_COMMA = YES;
				CLANG_WARN_CONSTANT_CONVERSION = YES;
				CLANG_WARN_DEPRECATED_OBJC_IMPLEMENTATIONS = YES;
				CLANG_WARN_DIRECT_OBJC_ISA_USAGE = YES_ERROR;
				CLANG_WARN_DOCUMENTATION_COMMENTS = YES;
				CLANG_WARN_EMPTY_BODY = YES;
				CLANG_WARN_ENUM_CONVERSION = YES;
				CLANG_WARN_INFINITE_RECURSION = YES;
				CLANG_WARN_INT_CONVERSION = YES;
				CLANG_WARN_NON_LITERAL_NULL_CONVERSION = YES;
				CLANG_WARN_OBJC_IMPLICIT_RETAIN_SELF = YES;
				CLANG_WARN_OBJC_LITERAL_CONVERSION = YES;
				CLANG_WARN_OBJC_ROOT_CLASS = YES_ERROR;
				CLANG_WARN_QUOTED_INCLUDE_IN_FRAMEWORK_HEADER = YES;
				CLANG_WARN_RANGE_LOOP_ANALYSIS = YES;
				CLANG_WARN_STRICT_PROTOTYPES = YES;
				CLANG_WARN_SUSPICIOUS_MOVE = YES;
				CLANG_WARN_UNGUARDED_AVAILABILITY = YES_AGGRESSIVE;
				CLANG_WARN_UNREACHABLE_CODE = YES;
				CLANG_WARN__DUPLICATE_METHOD_MATCH = YES;
				COPY_PHASE_STRIP = NO;
				DEBUG_INFORMATION_FORMAT = "dwarf-with-dsym";
				ENABLE_NS_ASSERTIONS = NO;
				ENABLE_STRICT_OBJC_MSGSEND = YES;
				GCC_C_LANGUAGE_STANDARD = gnu11;
				GCC_NO_COMMON_BLOCKS = YES;
				GCC_WARN_64_TO_32_BIT_CONVERSION = YES;
				GCC_WARN_ABOUT_RETURN_TYPE = YES_ERROR;
				GCC_WARN_UNDECLARED_SELECTOR = YES;
				GCC_WARN_UNINITIALIZED_AUTOS = YES_AGGRESSIVE;
				GCC_WARN_UNUSED_FUNCTION = YES;
				GCC_WARN_UNUSED_VARIABLE = YES;
				IPHONEOS_DEPLOYMENT_TARGET = 14.5;
				MTL_ENABLE_DEBUG_INFO = NO;
				MTL_FAST_MATH = YES;
				SDKROOT = iphoneos;
				SWIFT_COMPILATION_MODE = wholemodule;
				SWIFT_OPTIMIZATION_LEVEL = "-O";
				VALIDATE_PRODUCT = YES;
			};
			name = Release;
		};
		D061D3FB2689BD880022F8AE /* Debug */ = {
			isa = XCBuildConfiguration;
			buildSettings = {
				ASSETCATALOG_COMPILER_APPICON_NAME = AppIcon;
				ASSETCATALOG_COMPILER_GLOBAL_ACCENT_COLOR_NAME = AccentColor;
				CODE_SIGN_STYLE = Automatic;
				INFOPLIST_FILE = Practice/Info.plist;
				LD_RUNPATH_SEARCH_PATHS = (
					"$(inherited)",
					"@executable_path/Frameworks",
				);
				PRODUCT_BUNDLE_IDENTIFIER = com.musun129.Practice;
				PRODUCT_NAME = "$(TARGET_NAME)";
				SWIFT_VERSION = 5.0;
				TARGETED_DEVICE_FAMILY = "1,2";
			};
			name = Debug;
		};
		D061D3FC2689BD880022F8AE /* Release */ = {
			isa = XCBuildConfiguration;
			buildSettings = {
				ASSETCATALOG_COMPILER_APPICON_NAME = AppIcon;
				ASSETCATALOG_COMPILER_GLOBAL_ACCENT_COLOR_NAME = AccentColor;
				CODE_SIGN_STYLE = Automatic;
				INFOPLIST_FILE = Practice/Info.plist;
				LD_RUNPATH_SEARCH_PATHS = (
					"$(inherited)",
					"@executable_path/Frameworks",
				);
				PRODUCT_BUNDLE_IDENTIFIER = com.musun129.Practice;
				PRODUCT_NAME = "$(TARGET_NAME)";
				SWIFT_VERSION = 5.0;
				TARGETED_DEVICE_FAMILY = "1,2";
			};
			name = Release;
		};
		D061D3FE2689BD880022F8AE /* Debug */ = {
			isa = XCBuildConfiguration;
			buildSettings = {
				ALWAYS_EMBED_SWIFT_STANDARD_LIBRARIES = YES;
				BUNDLE_LOADER = "$(TEST_HOST)";
				CODE_SIGN_STYLE = Automatic;
				INFOPLIST_FILE = PracticeTests/Info.plist;
				IPHONEOS_DEPLOYMENT_TARGET = 14.5;
				LD_RUNPATH_SEARCH_PATHS = (
					"$(inherited)",
					"@executable_path/Frameworks",
					"@loader_path/Frameworks",
				);
				PRODUCT_BUNDLE_IDENTIFIER = com.musun129.PracticeTests;
				PRODUCT_NAME = "$(TARGET_NAME)";
				SWIFT_VERSION = 5.0;
				TARGETED_DEVICE_FAMILY = "1,2";
				TEST_HOST = "$(BUILT_PRODUCTS_DIR)/Practice.app/Practice";
			};
			name = Debug;
		};
		D061D3FF2689BD880022F8AE /* Release */ = {
			isa = XCBuildConfiguration;
			buildSettings = {
				ALWAYS_EMBED_SWIFT_STANDARD_LIBRARIES = YES;
				BUNDLE_LOADER = "$(TEST_HOST)";
				CODE_SIGN_STYLE = Automatic;
				INFOPLIST_FILE = PracticeTests/Info.plist;
				IPHONEOS_DEPLOYMENT_TARGET = 14.5;
				LD_RUNPATH_SEARCH_PATHS = (
					"$(inherited)",
					"@executable_path/Frameworks",
					"@loader_path/Frameworks",
				);
				PRODUCT_BUNDLE_IDENTIFIER = com.musun129.PracticeTests;
				PRODUCT_NAME = "$(TARGET_NAME)";
				SWIFT_VERSION = 5.0;
				TARGETED_DEVICE_FAMILY = "1,2";
				TEST_HOST = "$(BUILT_PRODUCTS_DIR)/Practice.app/Practice";
			};
			name = Release;
		};
		D061D4012689BD880022F8AE /* Debug */ = {
			isa = XCBuildConfiguration;
			buildSettings = {
				ALWAYS_EMBED_SWIFT_STANDARD_LIBRARIES = YES;
				CODE_SIGN_STYLE = Automatic;
				INFOPLIST_FILE = PracticeUITests/Info.plist;
				LD_RUNPATH_SEARCH_PATHS = (
					"$(inherited)",
					"@executable_path/Frameworks",
					"@loader_path/Frameworks",
				);
				PRODUCT_BUNDLE_IDENTIFIER = com.musun129.PracticeUITests;
				PRODUCT_NAME = "$(TARGET_NAME)";
				SWIFT_VERSION = 5.0;
				TARGETED_DEVICE_FAMILY = "1,2";
				TEST_TARGET_NAME = Practice;
			};
			name = Debug;
		};
		D061D4022689BD880022F8AE /* Release */ = {
			isa = XCBuildConfiguration;
			buildSettings = {
				ALWAYS_EMBED_SWIFT_STANDARD_LIBRARIES = YES;
				CODE_SIGN_STYLE = Automatic;
				INFOPLIST_FILE = PracticeUITests/Info.plist;
				LD_RUNPATH_SEARCH_PATHS = (
					"$(inherited)",
					"@executable_path/Frameworks",
					"@loader_path/Frameworks",
				);
				PRODUCT_BUNDLE_IDENTIFIER = com.musun129.PracticeUITests;
				PRODUCT_NAME = "$(TARGET_NAME)";
				SWIFT_VERSION = 5.0;
				TARGETED_DEVICE_FAMILY = "1,2";
				TEST_TARGET_NAME = Practice;
			};
			name = Release;
		};
/* End XCBuildConfiguration section */

/* Begin XCConfigurationList section */
		D061D3CB2689BD860022F8AE /* Build configuration list for PBXProject "Practice" */ = {
			isa = XCConfigurationList;
			buildConfigurations = (
				D061D3F82689BD880022F8AE /* Debug */,
				D061D3F92689BD880022F8AE /* Release */,
			);
			defaultConfigurationIsVisible = 0;
			defaultConfigurationName = Release;
		};
		D061D3FA2689BD880022F8AE /* Build configuration list for PBXNativeTarget "Practice" */ = {
			isa = XCConfigurationList;
			buildConfigurations = (
				D061D3FB2689BD880022F8AE /* Debug */,
				D061D3FC2689BD880022F8AE /* Release */,
			);
			defaultConfigurationIsVisible = 0;
			defaultConfigurationName = Release;
		};
		D061D3FD2689BD880022F8AE /* Build configuration list for PBXNativeTarget "PracticeTests" */ = {
			isa = XCConfigurationList;
			buildConfigurations = (
				D061D3FE2689BD880022F8AE /* Debug */,
				D061D3FF2689BD880022F8AE /* Release */,
			);
			defaultConfigurationIsVisible = 0;
			defaultConfigurationName = Release;
		};
		D061D4002689BD880022F8AE /* Build configuration list for PBXNativeTarget "PracticeUITests" */ = {
			isa = XCConfigurationList;
			buildConfigurations = (
				D061D4012689BD880022F8AE /* Debug */,
				D061D4022689BD880022F8AE /* Release */,
			);
			defaultConfigurationIsVisible = 0;
			defaultConfigurationName = Release;
		};
/* End XCConfigurationList section */
	};
	rootObject = D061D3C82689BD860022F8AE /* Project object */;
}
