// !$*UTF8*$!
{
	archiveVersion = 1;
	classes = {
	};
	objectVersion = 52;
	objects = {

/* Begin PBXBuildFile section */
		C7431F0625F51E1D0094C4CF /* AppDelegate.swift in Sources */ = {isa = PBXBuildFile; fileRef = C7431F0525F51E1D0094C4CF /* AppDelegate.swift */; };
		C7431F0825F51E1D0094C4CF /* SceneDelegate.swift in Sources */ = {isa = PBXBuildFile; fileRef = C7431F0725F51E1D0094C4CF /* SceneDelegate.swift */; };
		C7431F0A25F51E1D0094C4CF /* ViewController.swift in Sources */ = {isa = PBXBuildFile; fileRef = C7431F0925F51E1D0094C4CF /* ViewController.swift */; };
		C7431F0F25F51E1E0094C4CF /* Assets.xcassets in Resources */ = {isa = PBXBuildFile; fileRef = C7431F0E25F51E1E0094C4CF /* Assets.xcassets */; };
		C7431F1225F51E1E0094C4CF /* LaunchScreen.storyboard in Resources */ = {isa = PBXBuildFile; fileRef = C7431F1025F51E1E0094C4CF /* LaunchScreen.storyboard */; };
		C9C2613727CDE08A002FA9F4 /* FirebaseFirestore in Frameworks */ = {isa = PBXBuildFile; productRef = C9C2613627CDE08A002FA9F4 /* FirebaseFirestore */; };
		C9C2613E27CDE1F6002FA9F4 /* RxCocoa in Frameworks */ = {isa = PBXBuildFile; productRef = C9C2613D27CDE1F6002FA9F4 /* RxCocoa */; };
		C9C2614027CDE1F6002FA9F4 /* RxSwift in Frameworks */ = {isa = PBXBuildFile; productRef = C9C2613F27CDE1F6002FA9F4 /* RxSwift */; };
		C9C2614327CDE4CB002FA9F4 /* GoogleService-Info.plist in Resources */ = {isa = PBXBuildFile; fileRef = C9C2614227CDE4CB002FA9F4 /* GoogleService-Info.plist */; };
		C9C2614527CDE68C002FA9F4 /* .swiftlint.yml in Resources */ = {isa = PBXBuildFile; fileRef = C9C2614427CDE68C002FA9F4 /* .swiftlint.yml */; };
		C9C2614A27CE1E08002FA9F4 /* ToDo.swift in Sources */ = {isa = PBXBuildFile; fileRef = C9C2614927CE1E08002FA9F4 /* ToDo.swift */; };
		C9C2614D27CF3D9B002FA9F4 /* ToDoState.swift in Sources */ = {isa = PBXBuildFile; fileRef = C9C2614C27CF3D99002FA9F4 /* ToDoState.swift */; };
		C9C2615027CF3ED0002FA9F4 /* ViewModel.swift in Sources */ = {isa = PBXBuildFile; fileRef = C9C2614F27CF3ED0002FA9F4 /* ViewModel.swift */; };
		C9C2615527CF5C69002FA9F4 /* Repository.swift in Sources */ = {isa = PBXBuildFile; fileRef = C9C2615427CF5C69002FA9F4 /* Repository.swift */; };
		C9C2615827CF5EF5002FA9F4 /* ToDoRepository.swift in Sources */ = {isa = PBXBuildFile; fileRef = C9C2615727CF5EF5002FA9F4 /* ToDoRepository.swift */; };
		C9C2615A27CF5FF7002FA9F4 /* ToDoMangeable.swift in Sources */ = {isa = PBXBuildFile; fileRef = C9C2615927CF5FF7002FA9F4 /* ToDoMangeable.swift */; };
		C9C2616027CF635E002FA9F4 /* ToDoManager.swift in Sources */ = {isa = PBXBuildFile; fileRef = C9C2615F27CF635D002FA9F4 /* ToDoManager.swift */; };
		C9C2616327CF6531002FA9F4 /* ToDoViewModel.swift in Sources */ = {isa = PBXBuildFile; fileRef = C9C2616227CF6531002FA9F4 /* ToDoViewModel.swift */; };
		C9C2616B27CF7245002FA9F4 /* ProjectManagerTests.swift in Sources */ = {isa = PBXBuildFile; fileRef = C9C2616A27CF7245002FA9F4 /* ProjectManagerTests.swift */; };
		C9C2617627D0A18F002FA9F4 /* Array+safe.swift in Sources */ = {isa = PBXBuildFile; fileRef = C9C2617527D0A18F002FA9F4 /* Array+safe.swift */; };
		C9C2617927D0A34E002FA9F4 /* CollectionError.swift in Sources */ = {isa = PBXBuildFile; fileRef = C9C2617827D0A34E002FA9F4 /* CollectionError.swift */; };
/* End PBXBuildFile section */

/* Begin PBXContainerItemProxy section */
		C9C2616C27CF7245002FA9F4 /* PBXContainerItemProxy */ = {
			isa = PBXContainerItemProxy;
			containerPortal = C7431EFA25F51E1D0094C4CF /* Project object */;
			proxyType = 1;
			remoteGlobalIDString = C7431F0125F51E1D0094C4CF;
			remoteInfo = ProjectManager;
		};
/* End PBXContainerItemProxy section */

/* Begin PBXFileReference section */
		C7431F0225F51E1D0094C4CF /* ProjectManager.app */ = {isa = PBXFileReference; explicitFileType = wrapper.application; includeInIndex = 0; path = ProjectManager.app; sourceTree = BUILT_PRODUCTS_DIR; };
		C7431F0525F51E1D0094C4CF /* AppDelegate.swift */ = {isa = PBXFileReference; lastKnownFileType = sourcecode.swift; path = AppDelegate.swift; sourceTree = "<group>"; };
		C7431F0725F51E1D0094C4CF /* SceneDelegate.swift */ = {isa = PBXFileReference; lastKnownFileType = sourcecode.swift; path = SceneDelegate.swift; sourceTree = "<group>"; };
		C7431F0925F51E1D0094C4CF /* ViewController.swift */ = {isa = PBXFileReference; lastKnownFileType = sourcecode.swift; path = ViewController.swift; sourceTree = "<group>"; };
		C7431F0E25F51E1E0094C4CF /* Assets.xcassets */ = {isa = PBXFileReference; lastKnownFileType = folder.assetcatalog; path = Assets.xcassets; sourceTree = "<group>"; };
		C7431F1125F51E1E0094C4CF /* Base */ = {isa = PBXFileReference; lastKnownFileType = file.storyboard; name = Base; path = Base.lproj/LaunchScreen.storyboard; sourceTree = "<group>"; };
		C7431F1325F51E1E0094C4CF /* Info.plist */ = {isa = PBXFileReference; lastKnownFileType = text.plist.xml; path = Info.plist; sourceTree = "<group>"; };
		C9C2614227CDE4CB002FA9F4 /* GoogleService-Info.plist */ = {isa = PBXFileReference; fileEncoding = 4; lastKnownFileType = text.plist.xml; name = "GoogleService-Info.plist"; path = "../../../../../Downloads/GoogleService-Info.plist"; sourceTree = "<group>"; };
		C9C2614427CDE68C002FA9F4 /* .swiftlint.yml */ = {isa = PBXFileReference; lastKnownFileType = text.yaml; path = .swiftlint.yml; sourceTree = "<group>"; };
		C9C2614927CE1E08002FA9F4 /* ToDo.swift */ = {isa = PBXFileReference; lastKnownFileType = sourcecode.swift; path = ToDo.swift; sourceTree = "<group>"; };
		C9C2614C27CF3D99002FA9F4 /* ToDoState.swift */ = {isa = PBXFileReference; lastKnownFileType = sourcecode.swift; path = ToDoState.swift; sourceTree = "<group>"; };
		C9C2614F27CF3ED0002FA9F4 /* ViewModel.swift */ = {isa = PBXFileReference; lastKnownFileType = sourcecode.swift; path = ViewModel.swift; sourceTree = "<group>"; };
		C9C2615427CF5C69002FA9F4 /* Repository.swift */ = {isa = PBXFileReference; lastKnownFileType = sourcecode.swift; path = Repository.swift; sourceTree = "<group>"; };
		C9C2615727CF5EF5002FA9F4 /* ToDoRepository.swift */ = {isa = PBXFileReference; lastKnownFileType = sourcecode.swift; path = ToDoRepository.swift; sourceTree = "<group>"; };
		C9C2615927CF5FF7002FA9F4 /* ToDoMangeable.swift */ = {isa = PBXFileReference; lastKnownFileType = sourcecode.swift; path = ToDoMangeable.swift; sourceTree = "<group>"; };
		C9C2615F27CF635D002FA9F4 /* ToDoManager.swift */ = {isa = PBXFileReference; lastKnownFileType = sourcecode.swift; path = ToDoManager.swift; sourceTree = "<group>"; };
		C9C2616227CF6531002FA9F4 /* ToDoViewModel.swift */ = {isa = PBXFileReference; lastKnownFileType = sourcecode.swift; path = ToDoViewModel.swift; sourceTree = "<group>"; };
		C9C2616827CF7245002FA9F4 /* ProjectManagerTests.xctest */ = {isa = PBXFileReference; explicitFileType = wrapper.cfbundle; includeInIndex = 0; path = ProjectManagerTests.xctest; sourceTree = BUILT_PRODUCTS_DIR; };
		C9C2616A27CF7245002FA9F4 /* ProjectManagerTests.swift */ = {isa = PBXFileReference; lastKnownFileType = sourcecode.swift; path = ProjectManagerTests.swift; sourceTree = "<group>"; };
		C9C2617527D0A18F002FA9F4 /* Array+safe.swift */ = {isa = PBXFileReference; lastKnownFileType = sourcecode.swift; path = "Array+safe.swift"; sourceTree = "<group>"; };
		C9C2617827D0A34E002FA9F4 /* CollectionError.swift */ = {isa = PBXFileReference; lastKnownFileType = sourcecode.swift; path = CollectionError.swift; sourceTree = "<group>"; };
/* End PBXFileReference section */

/* Begin PBXFrameworksBuildPhase section */
		C7431EFF25F51E1D0094C4CF /* Frameworks */ = {
			isa = PBXFrameworksBuildPhase;
			buildActionMask = 2147483647;
			files = (
				C9C2613727CDE08A002FA9F4 /* FirebaseFirestore in Frameworks */,
				C9C2614027CDE1F6002FA9F4 /* RxSwift in Frameworks */,
				C9C2613E27CDE1F6002FA9F4 /* RxCocoa in Frameworks */,
			);
			runOnlyForDeploymentPostprocessing = 0;
		};
		C9C2616527CF7245002FA9F4 /* Frameworks */ = {
			isa = PBXFrameworksBuildPhase;
			buildActionMask = 2147483647;
			files = (
			);
			runOnlyForDeploymentPostprocessing = 0;
		};
/* End PBXFrameworksBuildPhase section */

/* Begin PBXGroup section */
		C7431EF925F51E1D0094C4CF = {
			isa = PBXGroup;
			children = (
				C9C2614427CDE68C002FA9F4 /* .swiftlint.yml */,
				C7431F0425F51E1D0094C4CF /* ProjectManager */,
				C9C2616927CF7245002FA9F4 /* ProjectManagerTests */,
				C7431F0325F51E1D0094C4CF /* Products */,
			);
			sourceTree = "<group>";
		};
		C7431F0325F51E1D0094C4CF /* Products */ = {
			isa = PBXGroup;
			children = (
				C7431F0225F51E1D0094C4CF /* ProjectManager.app */,
				C9C2616827CF7245002FA9F4 /* ProjectManagerTests.xctest */,
			);
			name = Products;
			sourceTree = "<group>";
		};
		C7431F0425F51E1D0094C4CF /* ProjectManager */ = {
			isa = PBXGroup;
			children = (
				C7431F0525F51E1D0094C4CF /* AppDelegate.swift */,
				C7431F0725F51E1D0094C4CF /* SceneDelegate.swift */,
				C7431F0925F51E1D0094C4CF /* ViewController.swift */,
				C9C2617727D0A33B002FA9F4 /* Error */,
				C9C2617427D0A178002FA9F4 /* Extension */,
				C9C2614E27CF3EBE002FA9F4 /* Protocol */,
				C9C2617127D061A9002FA9F4 /* Repository */,
				C9C2615627CF5EE4002FA9F4 /* Domain */,
				C9C2616127CF6516002FA9F4 /* ViewModel */,
				C9C2614B27CE1E30002FA9F4 /* Model */,
				C7431F0E25F51E1E0094C4CF /* Assets.xcassets */,
				C7431F1025F51E1E0094C4CF /* LaunchScreen.storyboard */,
				C9C2614227CDE4CB002FA9F4 /* GoogleService-Info.plist */,
				C7431F1325F51E1E0094C4CF /* Info.plist */,
			);
			path = ProjectManager;
			sourceTree = "<group>";
		};
		C9C2614B27CE1E30002FA9F4 /* Model */ = {
			isa = PBXGroup;
			children = (
				C9C2614927CE1E08002FA9F4 /* ToDo.swift */,
				C9C2614C27CF3D99002FA9F4 /* ToDoState.swift */,
			);
			path = Model;
			sourceTree = "<group>";
		};
		C9C2614E27CF3EBE002FA9F4 /* Protocol */ = {
			isa = PBXGroup;
			children = (
				C9C2615427CF5C69002FA9F4 /* Repository.swift */,
				C9C2615927CF5FF7002FA9F4 /* ToDoMangeable.swift */,
				C9C2614F27CF3ED0002FA9F4 /* ViewModel.swift */,
			);
			path = Protocol;
			sourceTree = "<group>";
		};
		C9C2615627CF5EE4002FA9F4 /* Domain */ = {
			isa = PBXGroup;
			children = (
				C9C2615F27CF635D002FA9F4 /* ToDoManager.swift */,
			);
			path = Domain;
			sourceTree = "<group>";
		};
		C9C2616127CF6516002FA9F4 /* ViewModel */ = {
			isa = PBXGroup;
			children = (
				C9C2616227CF6531002FA9F4 /* ToDoViewModel.swift */,
			);
			path = ViewModel;
			sourceTree = "<group>";
		};
		C9C2616927CF7245002FA9F4 /* ProjectManagerTests */ = {
			isa = PBXGroup;
			children = (
				C9C2616A27CF7245002FA9F4 /* ProjectManagerTests.swift */,
			);
			path = ProjectManagerTests;
			sourceTree = "<group>";
		};
		C9C2617127D061A9002FA9F4 /* Repository */ = {
			isa = PBXGroup;
			children = (
				C9C2615727CF5EF5002FA9F4 /* ToDoRepository.swift */,
			);
			path = Repository;
			sourceTree = "<group>";
		};
		C9C2617427D0A178002FA9F4 /* Extension */ = {
			isa = PBXGroup;
			children = (
				C9C2617527D0A18F002FA9F4 /* Array+safe.swift */,
			);
			path = Extension;
			sourceTree = "<group>";
		};
		C9C2617727D0A33B002FA9F4 /* Error */ = {
			isa = PBXGroup;
			children = (
				C9C2617827D0A34E002FA9F4 /* CollectionError.swift */,
			);
			path = Error;
			sourceTree = "<group>";
		};
/* End PBXGroup section */

/* Begin PBXNativeTarget section */
		C7431F0125F51E1D0094C4CF /* ProjectManager */ = {
			isa = PBXNativeTarget;
			buildConfigurationList = C7431F1625F51E1E0094C4CF /* Build configuration list for PBXNativeTarget "ProjectManager" */;
			buildPhases = (
				C7431EFE25F51E1D0094C4CF /* Sources */,
				C7431EFF25F51E1D0094C4CF /* Frameworks */,
				C7431F0025F51E1D0094C4CF /* Resources */,
				C9C2614127CDE2E5002FA9F4 /* ShellScript */,
			);
			buildRules = (
			);
			dependencies = (
			);
			name = ProjectManager;
			packageProductDependencies = (
				C9C2613627CDE08A002FA9F4 /* FirebaseFirestore */,
				C9C2613D27CDE1F6002FA9F4 /* RxCocoa */,
				C9C2613F27CDE1F6002FA9F4 /* RxSwift */,
			);
			productName = ProjectManager;
			productReference = C7431F0225F51E1D0094C4CF /* ProjectManager.app */;
			productType = "com.apple.product-type.application";
		};
		C9C2616727CF7245002FA9F4 /* ProjectManagerTests */ = {
			isa = PBXNativeTarget;
			buildConfigurationList = C9C2616E27CF7245002FA9F4 /* Build configuration list for PBXNativeTarget "ProjectManagerTests" */;
			buildPhases = (
				C9C2616427CF7245002FA9F4 /* Sources */,
				C9C2616527CF7245002FA9F4 /* Frameworks */,
				C9C2616627CF7245002FA9F4 /* Resources */,
			);
			buildRules = (
			);
			dependencies = (
				C9C2616D27CF7245002FA9F4 /* PBXTargetDependency */,
			);
			name = ProjectManagerTests;
			productName = ProjectManagerTests;
			productReference = C9C2616827CF7245002FA9F4 /* ProjectManagerTests.xctest */;
			productType = "com.apple.product-type.bundle.unit-test";
		};
/* End PBXNativeTarget section */

/* Begin PBXProject section */
		C7431EFA25F51E1D0094C4CF /* Project object */ = {
			isa = PBXProject;
			attributes = {
				LastSwiftUpdateCheck = 1320;
				LastUpgradeCheck = 1240;
				TargetAttributes = {
					C7431F0125F51E1D0094C4CF = {
						CreatedOnToolsVersion = 12.4;
					};
					C9C2616727CF7245002FA9F4 = {
						CreatedOnToolsVersion = 13.2.1;
						TestTargetID = C7431F0125F51E1D0094C4CF;
					};
				};
			};
			buildConfigurationList = C7431EFD25F51E1D0094C4CF /* Build configuration list for PBXProject "ProjectManager" */;
			compatibilityVersion = "Xcode 9.3";
			developmentRegion = en;
			hasScannedForEncodings = 0;
			knownRegions = (
				en,
				Base,
			);
			mainGroup = C7431EF925F51E1D0094C4CF;
			packageReferences = (
				C9C2613527CDE08A002FA9F4 /* XCRemoteSwiftPackageReference "firebase-ios-sdk" */,
				C9C2613C27CDE1F5002FA9F4 /* XCRemoteSwiftPackageReference "RxSwift" */,
			);
			productRefGroup = C7431F0325F51E1D0094C4CF /* Products */;
			projectDirPath = "";
			projectRoot = "";
			targets = (
				C7431F0125F51E1D0094C4CF /* ProjectManager */,
				C9C2616727CF7245002FA9F4 /* ProjectManagerTests */,
			);
		};
/* End PBXProject section */

/* Begin PBXResourcesBuildPhase section */
		C7431F0025F51E1D0094C4CF /* Resources */ = {
			isa = PBXResourcesBuildPhase;
			buildActionMask = 2147483647;
			files = (
				C9C2614527CDE68C002FA9F4 /* .swiftlint.yml in Resources */,
				C7431F1225F51E1E0094C4CF /* LaunchScreen.storyboard in Resources */,
				C9C2614327CDE4CB002FA9F4 /* GoogleService-Info.plist in Resources */,
				C7431F0F25F51E1E0094C4CF /* Assets.xcassets in Resources */,
			);
			runOnlyForDeploymentPostprocessing = 0;
		};
		C9C2616627CF7245002FA9F4 /* Resources */ = {
			isa = PBXResourcesBuildPhase;
			buildActionMask = 2147483647;
			files = (
			);
			runOnlyForDeploymentPostprocessing = 0;
		};
/* End PBXResourcesBuildPhase section */

/* Begin PBXShellScriptBuildPhase section */
		C9C2614127CDE2E5002FA9F4 /* ShellScript */ = {
			isa = PBXShellScriptBuildPhase;
			buildActionMask = 2147483647;
			files = (
			);
			inputFileListPaths = (
			);
			inputPaths = (
			);
			outputFileListPaths = (
			);
			outputPaths = (
			);
			runOnlyForDeploymentPostprocessing = 0;
			shellPath = /bin/sh;
			shellScript = "if which swiftlint >/dev/null; then\n  swiftlint\nelse\n  echo \"warning: SwiftLint not installed, download from https://github.com/realm/SwiftLint\"\nfi\n";
		};
/* End PBXShellScriptBuildPhase section */

/* Begin PBXSourcesBuildPhase section */
		C7431EFE25F51E1D0094C4CF /* Sources */ = {
			isa = PBXSourcesBuildPhase;
			buildActionMask = 2147483647;
			files = (
				C9C2617627D0A18F002FA9F4 /* Array+safe.swift in Sources */,
				C9C2614A27CE1E08002FA9F4 /* ToDo.swift in Sources */,
				C7431F0A25F51E1D0094C4CF /* ViewController.swift in Sources */,
				C9C2614D27CF3D9B002FA9F4 /* ToDoState.swift in Sources */,
				C9C2616327CF6531002FA9F4 /* ToDoViewModel.swift in Sources */,
				C9C2617927D0A34E002FA9F4 /* CollectionError.swift in Sources */,
				C9C2615027CF3ED0002FA9F4 /* ViewModel.swift in Sources */,
				C7431F0625F51E1D0094C4CF /* AppDelegate.swift in Sources */,
				C9C2615827CF5EF5002FA9F4 /* ToDoRepository.swift in Sources */,
				C9C2615A27CF5FF7002FA9F4 /* ToDoMangeable.swift in Sources */,
				C7431F0825F51E1D0094C4CF /* SceneDelegate.swift in Sources */,
				C9C2615527CF5C69002FA9F4 /* Repository.swift in Sources */,
				C9C2616027CF635E002FA9F4 /* ToDoManager.swift in Sources */,
			);
			runOnlyForDeploymentPostprocessing = 0;
		};
		C9C2616427CF7245002FA9F4 /* Sources */ = {
			isa = PBXSourcesBuildPhase;
			buildActionMask = 2147483647;
			files = (
				C9C2616B27CF7245002FA9F4 /* ProjectManagerTests.swift in Sources */,
			);
			runOnlyForDeploymentPostprocessing = 0;
		};
/* End PBXSourcesBuildPhase section */

/* Begin PBXTargetDependency section */
		C9C2616D27CF7245002FA9F4 /* PBXTargetDependency */ = {
			isa = PBXTargetDependency;
			target = C7431F0125F51E1D0094C4CF /* ProjectManager */;
			targetProxy = C9C2616C27CF7245002FA9F4 /* PBXContainerItemProxy */;
		};
/* End PBXTargetDependency section */

/* Begin PBXVariantGroup section */
		C7431F1025F51E1E0094C4CF /* LaunchScreen.storyboard */ = {
			isa = PBXVariantGroup;
			children = (
				C7431F1125F51E1E0094C4CF /* Base */,
			);
			name = LaunchScreen.storyboard;
			sourceTree = "<group>";
		};
/* End PBXVariantGroup section */

/* Begin XCBuildConfiguration section */
		C7431F1425F51E1E0094C4CF /* Debug */ = {
			isa = XCBuildConfiguration;
			buildSettings = {
				ALWAYS_SEARCH_USER_PATHS = NO;
				CLANG_ANALYZER_NONNULL = YES;
				CLANG_ANALYZER_NUMBER_OBJECT_CONVERSION = YES_AGGRESSIVE;
				CLANG_CXX_LANGUAGE_STANDARD = "gnu++14";
				CLANG_CXX_LIBRARY = "libc++";
				CLANG_ENABLE_MODULES = YES;
				CLANG_ENABLE_OBJC_ARC = YES;
				CLANG_ENABLE_OBJC_WEAK = YES;
				CLANG_WARN_BLOCK_CAPTURE_AUTORELEASING = YES;
				CLANG_WARN_BOOL_CONVERSION = YES;
				CLANG_WARN_COMMA = YES;
				CLANG_WARN_CONSTANT_CONVERSION = YES;
				CLANG_WARN_DEPRECATED_OBJC_IMPLEMENTATIONS = YES;
				CLANG_WARN_DIRECT_OBJC_ISA_USAGE = YES_ERROR;
				CLANG_WARN_DOCUMENTATION_COMMENTS = YES;
				CLANG_WARN_EMPTY_BODY = YES;
				CLANG_WARN_ENUM_CONVERSION = YES;
				CLANG_WARN_INFINITE_RECURSION = YES;
				CLANG_WARN_INT_CONVERSION = YES;
				CLANG_WARN_NON_LITERAL_NULL_CONVERSION = YES;
				CLANG_WARN_OBJC_IMPLICIT_RETAIN_SELF = YES;
				CLANG_WARN_OBJC_LITERAL_CONVERSION = YES;
				CLANG_WARN_OBJC_ROOT_CLASS = YES_ERROR;
				CLANG_WARN_QUOTED_INCLUDE_IN_FRAMEWORK_HEADER = YES;
				CLANG_WARN_RANGE_LOOP_ANALYSIS = YES;
				CLANG_WARN_STRICT_PROTOTYPES = YES;
				CLANG_WARN_SUSPICIOUS_MOVE = YES;
				CLANG_WARN_UNGUARDED_AVAILABILITY = YES_AGGRESSIVE;
				CLANG_WARN_UNREACHABLE_CODE = YES;
				CLANG_WARN__DUPLICATE_METHOD_MATCH = YES;
				COPY_PHASE_STRIP = NO;
				DEBUG_INFORMATION_FORMAT = dwarf;
				ENABLE_STRICT_OBJC_MSGSEND = YES;
				ENABLE_TESTABILITY = YES;
				GCC_C_LANGUAGE_STANDARD = gnu11;
				GCC_DYNAMIC_NO_PIC = NO;
				GCC_NO_COMMON_BLOCKS = YES;
				GCC_OPTIMIZATION_LEVEL = 0;
				GCC_PREPROCESSOR_DEFINITIONS = (
					"DEBUG=1",
					"$(inherited)",
				);
				GCC_WARN_64_TO_32_BIT_CONVERSION = YES;
				GCC_WARN_ABOUT_RETURN_TYPE = YES_ERROR;
				GCC_WARN_UNDECLARED_SELECTOR = YES;
				GCC_WARN_UNINITIALIZED_AUTOS = YES_AGGRESSIVE;
				GCC_WARN_UNUSED_FUNCTION = YES;
				GCC_WARN_UNUSED_VARIABLE = YES;
				IPHONEOS_DEPLOYMENT_TARGET = 14.4;
				MTL_ENABLE_DEBUG_INFO = INCLUDE_SOURCE;
				MTL_FAST_MATH = YES;
				ONLY_ACTIVE_ARCH = YES;
				SDKROOT = iphoneos;
				SWIFT_ACTIVE_COMPILATION_CONDITIONS = DEBUG;
				SWIFT_OPTIMIZATION_LEVEL = "-Onone";
			};
			name = Debug;
		};
		C7431F1525F51E1E0094C4CF /* Release */ = {
			isa = XCBuildConfiguration;
			buildSettings = {
				ALWAYS_SEARCH_USER_PATHS = NO;
				CLANG_ANALYZER_NONNULL = YES;
				CLANG_ANALYZER_NUMBER_OBJECT_CONVERSION = YES_AGGRESSIVE;
				CLANG_CXX_LANGUAGE_STANDARD = "gnu++14";
				CLANG_CXX_LIBRARY = "libc++";
				CLANG_ENABLE_MODULES = YES;
				CLANG_ENABLE_OBJC_ARC = YES;
				CLANG_ENABLE_OBJC_WEAK = YES;
				CLANG_WARN_BLOCK_CAPTURE_AUTORELEASING = YES;
				CLANG_WARN_BOOL_CONVERSION = YES;
				CLANG_WARN_COMMA = YES;
				CLANG_WARN_CONSTANT_CONVERSION = YES;
				CLANG_WARN_DEPRECATED_OBJC_IMPLEMENTATIONS = YES;
				CLANG_WARN_DIRECT_OBJC_ISA_USAGE = YES_ERROR;
				CLANG_WARN_DOCUMENTATION_COMMENTS = YES;
				CLANG_WARN_EMPTY_BODY = YES;
				CLANG_WARN_ENUM_CONVERSION = YES;
				CLANG_WARN_INFINITE_RECURSION = YES;
				CLANG_WARN_INT_CONVERSION = YES;
				CLANG_WARN_NON_LITERAL_NULL_CONVERSION = YES;
				CLANG_WARN_OBJC_IMPLICIT_RETAIN_SELF = YES;
				CLANG_WARN_OBJC_LITERAL_CONVERSION = YES;
				CLANG_WARN_OBJC_ROOT_CLASS = YES_ERROR;
				CLANG_WARN_QUOTED_INCLUDE_IN_FRAMEWORK_HEADER = YES;
				CLANG_WARN_RANGE_LOOP_ANALYSIS = YES;
				CLANG_WARN_STRICT_PROTOTYPES = YES;
				CLANG_WARN_SUSPICIOUS_MOVE = YES;
				CLANG_WARN_UNGUARDED_AVAILABILITY = YES_AGGRESSIVE;
				CLANG_WARN_UNREACHABLE_CODE = YES;
				CLANG_WARN__DUPLICATE_METHOD_MATCH = YES;
				COPY_PHASE_STRIP = NO;
				DEBUG_INFORMATION_FORMAT = "dwarf-with-dsym";
				ENABLE_NS_ASSERTIONS = NO;
				ENABLE_STRICT_OBJC_MSGSEND = YES;
				GCC_C_LANGUAGE_STANDARD = gnu11;
				GCC_NO_COMMON_BLOCKS = YES;
				GCC_WARN_64_TO_32_BIT_CONVERSION = YES;
				GCC_WARN_ABOUT_RETURN_TYPE = YES_ERROR;
				GCC_WARN_UNDECLARED_SELECTOR = YES;
				GCC_WARN_UNINITIALIZED_AUTOS = YES_AGGRESSIVE;
				GCC_WARN_UNUSED_FUNCTION = YES;
				GCC_WARN_UNUSED_VARIABLE = YES;
				IPHONEOS_DEPLOYMENT_TARGET = 14.4;
				MTL_ENABLE_DEBUG_INFO = NO;
				MTL_FAST_MATH = YES;
				SDKROOT = iphoneos;
				SWIFT_COMPILATION_MODE = wholemodule;
				SWIFT_OPTIMIZATION_LEVEL = "-O";
				VALIDATE_PRODUCT = YES;
			};
			name = Release;
		};
		C7431F1725F51E1E0094C4CF /* Debug */ = {
			isa = XCBuildConfiguration;
			buildSettings = {
				ASSETCATALOG_COMPILER_APPICON_NAME = AppIcon;
				ASSETCATALOG_COMPILER_GLOBAL_ACCENT_COLOR_NAME = AccentColor;
				CODE_SIGN_STYLE = Automatic;
				INFOPLIST_FILE = ProjectManager/Info.plist;
				IPHONEOS_DEPLOYMENT_TARGET = 14.1;
				LD_RUNPATH_SEARCH_PATHS = (
					"$(inherited)",
					"@executable_path/Frameworks",
				);
				PRODUCT_BUNDLE_IDENTIFIER = net.chacha.ProjectManager;
				PRODUCT_NAME = "$(TARGET_NAME)";
				SWIFT_VERSION = 5.0;
				TARGETED_DEVICE_FAMILY = 2;
			};
			name = Debug;
		};
		C7431F1825F51E1E0094C4CF /* Release */ = {
			isa = XCBuildConfiguration;
			buildSettings = {
				ASSETCATALOG_COMPILER_APPICON_NAME = AppIcon;
				ASSETCATALOG_COMPILER_GLOBAL_ACCENT_COLOR_NAME = AccentColor;
				CODE_SIGN_STYLE = Automatic;
				INFOPLIST_FILE = ProjectManager/Info.plist;
				IPHONEOS_DEPLOYMENT_TARGET = 14.1;
				LD_RUNPATH_SEARCH_PATHS = (
					"$(inherited)",
					"@executable_path/Frameworks",
				);
				PRODUCT_BUNDLE_IDENTIFIER = net.chacha.ProjectManager;
				PRODUCT_NAME = "$(TARGET_NAME)";
				SWIFT_VERSION = 5.0;
				TARGETED_DEVICE_FAMILY = 2;
			};
			name = Release;
		};
		C9C2616F27CF7245002FA9F4 /* Debug */ = {
			isa = XCBuildConfiguration;
			buildSettings = {
				BUNDLE_LOADER = "$(TEST_HOST)";
				CLANG_CXX_LANGUAGE_STANDARD = "gnu++17";
				CODE_SIGN_STYLE = Automatic;
				CURRENT_PROJECT_VERSION = 1;
				DEVELOPMENT_TEAM = 8D58C3D89B;
				GENERATE_INFOPLIST_FILE = YES;
				IPHONEOS_DEPLOYMENT_TARGET = 15.2;
				MARKETING_VERSION = 1.0;
				PRODUCT_BUNDLE_IDENTIFIER = chamin.ProjectManagerTests;
				PRODUCT_NAME = "$(TARGET_NAME)";
				SWIFT_EMIT_LOC_STRINGS = NO;
				SWIFT_VERSION = 5.0;
				TARGETED_DEVICE_FAMILY = "1,2";
				TEST_HOST = "$(BUILT_PRODUCTS_DIR)/ProjectManager.app/ProjectManager";
			};
			name = Debug;
		};
		C9C2617027CF7245002FA9F4 /* Release */ = {
			isa = XCBuildConfiguration;
			buildSettings = {
				BUNDLE_LOADER = "$(TEST_HOST)";
				CLANG_CXX_LANGUAGE_STANDARD = "gnu++17";
				CODE_SIGN_STYLE = Automatic;
				CURRENT_PROJECT_VERSION = 1;
				DEVELOPMENT_TEAM = 8D58C3D89B;
				GENERATE_INFOPLIST_FILE = YES;
				IPHONEOS_DEPLOYMENT_TARGET = 15.2;
				MARKETING_VERSION = 1.0;
				PRODUCT_BUNDLE_IDENTIFIER = chamin.ProjectManagerTests;
				PRODUCT_NAME = "$(TARGET_NAME)";
				SWIFT_EMIT_LOC_STRINGS = NO;
				SWIFT_VERSION = 5.0;
				TARGETED_DEVICE_FAMILY = "1,2";
				TEST_HOST = "$(BUILT_PRODUCTS_DIR)/ProjectManager.app/ProjectManager";
			};
			name = Release;
		};
/* End XCBuildConfiguration section */

/* Begin XCConfigurationList section */
		C7431EFD25F51E1D0094C4CF /* Build configuration list for PBXProject "ProjectManager" */ = {
			isa = XCConfigurationList;
			buildConfigurations = (
				C7431F1425F51E1E0094C4CF /* Debug */,
				C7431F1525F51E1E0094C4CF /* Release */,
			);
			defaultConfigurationIsVisible = 0;
			defaultConfigurationName = Release;
		};
		C7431F1625F51E1E0094C4CF /* Build configuration list for PBXNativeTarget "ProjectManager" */ = {
			isa = XCConfigurationList;
			buildConfigurations = (
				C7431F1725F51E1E0094C4CF /* Debug */,
				C7431F1825F51E1E0094C4CF /* Release */,
			);
			defaultConfigurationIsVisible = 0;
			defaultConfigurationName = Release;
		};
		C9C2616E27CF7245002FA9F4 /* Build configuration list for PBXNativeTarget "ProjectManagerTests" */ = {
			isa = XCConfigurationList;
			buildConfigurations = (
				C9C2616F27CF7245002FA9F4 /* Debug */,
				C9C2617027CF7245002FA9F4 /* Release */,
			);
			defaultConfigurationIsVisible = 0;
			defaultConfigurationName = Release;
		};
/* End XCConfigurationList section */

/* Begin XCRemoteSwiftPackageReference section */
		C9C2613527CDE08A002FA9F4 /* XCRemoteSwiftPackageReference "firebase-ios-sdk" */ = {
			isa = XCRemoteSwiftPackageReference;
			repositoryURL = "https://github.com/firebase/firebase-ios-sdk.git";
			requirement = {
				kind = upToNextMajorVersion;
				minimumVersion = 8.0.0;
			};
		};
		C9C2613C27CDE1F5002FA9F4 /* XCRemoteSwiftPackageReference "RxSwift" */ = {
			isa = XCRemoteSwiftPackageReference;
			repositoryURL = "https://github.com/ReactiveX/RxSwift";
			requirement = {
				kind = upToNextMajorVersion;
				minimumVersion = 6.0.0;
			};
		};
/* End XCRemoteSwiftPackageReference section */

/* Begin XCSwiftPackageProductDependency section */
		C9C2613627CDE08A002FA9F4 /* FirebaseFirestore */ = {
			isa = XCSwiftPackageProductDependency;
			package = C9C2613527CDE08A002FA9F4 /* XCRemoteSwiftPackageReference "firebase-ios-sdk" */;
			productName = FirebaseFirestore;
		};
		C9C2613D27CDE1F6002FA9F4 /* RxCocoa */ = {
			isa = XCSwiftPackageProductDependency;
			package = C9C2613C27CDE1F5002FA9F4 /* XCRemoteSwiftPackageReference "RxSwift" */;
			productName = RxCocoa;
		};
		C9C2613F27CDE1F6002FA9F4 /* RxSwift */ = {
			isa = XCSwiftPackageProductDependency;
			package = C9C2613C27CDE1F5002FA9F4 /* XCRemoteSwiftPackageReference "RxSwift" */;
			productName = RxSwift;
		};
/* End XCSwiftPackageProductDependency section */
	};
	rootObject = C7431EFA25F51E1D0094C4CF /* Project object */;
}
