// !$*UTF8*$!
{
	archiveVersion = 1;
	classes = {
	};
	objectVersion = 52;
	objects = {

/* Begin PBXBuildFile section */
		018E063A5FE76D5832BED408 /* Pods_ProjectManager.framework in Frameworks */ = {isa = PBXBuildFile; fileRef = 23A0A689B6A69796CECE8A71 /* Pods_ProjectManager.framework */; };
		4E4479FD288A4880001D99A7 /* HistoryViewController.swift in Sources */ = {isa = PBXBuildFile; fileRef = 4E4479FC288A4880001D99A7 /* HistoryViewController.swift */; };
		4E4479FF288A6F35001D99A7 /* HistoryCell.swift in Sources */ = {isa = PBXBuildFile; fileRef = 4E4479FE288A6F35001D99A7 /* HistoryCell.swift */; };
		4E447A01288A7188001D99A7 /* History.swift in Sources */ = {isa = PBXBuildFile; fileRef = 4E447A00288A7188001D99A7 /* History.swift */; };
		4E59B99528746FE000307D6E /* FirebaseAnalytics in Frameworks */ = {isa = PBXBuildFile; productRef = 4E59B99428746FE000307D6E /* FirebaseAnalytics */; };
		4E59B99728746FE000307D6E /* FirebaseDatabase in Frameworks */ = {isa = PBXBuildFile; productRef = 4E59B99628746FE000307D6E /* FirebaseDatabase */; };
		4E89D7262875529E000FD1A6 /* SnapKit in Frameworks */ = {isa = PBXBuildFile; productRef = 4E89D7252875529E000FD1A6 /* SnapKit */; };
		4EA80EE7287FA5EE0054737E /* Realm in Frameworks */ = {isa = PBXBuildFile; productRef = 4EA80EE6287FA5EE0054737E /* Realm */; };
		4EA80EE9287FA5EE0054737E /* RealmSwift in Frameworks */ = {isa = PBXBuildFile; productRef = 4EA80EE8287FA5EE0054737E /* RealmSwift */; };
		4EA80EEC287FA63D0054737E /* RxGesture in Frameworks */ = {isa = PBXBuildFile; productRef = 4EA80EEB287FA63D0054737E /* RxGesture */; };
		4EA80EF028802F020054737E /* DatabaseError.swift in Sources */ = {isa = PBXBuildFile; fileRef = 4EA80EEF28802F020054737E /* DatabaseError.swift */; };
		4EB2451F2876F589007F4056 /* EditFormSheetViewController.swift in Sources */ = {isa = PBXBuildFile; fileRef = 4EB2451E2876F589007F4056 /* EditFormSheetViewController.swift */; };
		4EB2452328773F24007F4056 /* PopoverViewController.swift in Sources */ = {isa = PBXBuildFile; fileRef = 4EB2452228773F24007F4056 /* PopoverViewController.swift */; };
		4EB3FFC228756FDD0001DBC0 /* Task.swift in Sources */ = {isa = PBXBuildFile; fileRef = 4EB3FFC128756FDD0001DBC0 /* Task.swift */; };
		4EB3FFC628757C800001DBC0 /* TaskType.swift in Sources */ = {isa = PBXBuildFile; fileRef = 4EB3FFC528757C800001DBC0 /* TaskType.swift */; };
		4EB3FFCD28757E1F0001DBC0 /* FormSheetView.swift in Sources */ = {isa = PBXBuildFile; fileRef = 4EB3FFCC28757E1F0001DBC0 /* FormSheetView.swift */; };
		4EB3FFCF287580FD0001DBC0 /* NewFormSheetViewController.swift in Sources */ = {isa = PBXBuildFile; fileRef = 4EB3FFCE287580FD0001DBC0 /* NewFormSheetViewController.swift */; };
		4EB3FFD1287586200001DBC0 /* TaskHeaderView.swift in Sources */ = {isa = PBXBuildFile; fileRef = 4EB3FFD0287586200001DBC0 /* TaskHeaderView.swift */; };
		4EB3FFD328758E9F0001DBC0 /* MainView.swift in Sources */ = {isa = PBXBuildFile; fileRef = 4EB3FFD228758E9F0001DBC0 /* MainView.swift */; };
		4EB595F3287D543D006C8303 /* AppConstants.swift in Sources */ = {isa = PBXBuildFile; fileRef = 4EB595F2287D543D006C8303 /* AppConstants.swift */; };
		4EB89251287C68B1008DE9B8 /* PopoverViewModel.swift in Sources */ = {isa = PBXBuildFile; fileRef = 4EB89250287C68B1008DE9B8 /* PopoverViewModel.swift */; };
		4EB89253287C6D2E008DE9B8 /* MainViewModel.swift in Sources */ = {isa = PBXBuildFile; fileRef = 4EB89252287C6D2E008DE9B8 /* MainViewModel.swift */; };
		4EBAA742289399E8006E57AE /* UserNotificationManager.swift in Sources */ = {isa = PBXBuildFile; fileRef = 4EBAA741289399E8006E57AE /* UserNotificationManager.swift */; };
		4EC236262873DCF9006C9D32 /* RxCocoa in Frameworks */ = {isa = PBXBuildFile; productRef = 4EC236252873DCF9006C9D32 /* RxCocoa */; };
		4EC236282873DCF9006C9D32 /* RxRelay in Frameworks */ = {isa = PBXBuildFile; productRef = 4EC236272873DCF9006C9D32 /* RxRelay */; };
		4EC2362A2873DCF9006C9D32 /* RxSwift in Frameworks */ = {isa = PBXBuildFile; productRef = 4EC236292873DCF9006C9D32 /* RxSwift */; };
		9C8BC0D928786ED0003EF525 /* RealmManager.swift in Sources */ = {isa = PBXBuildFile; fileRef = 9C8BC0D828786ECF003EF525 /* RealmManager.swift */; };
		9C8BC0DB287874F3003EF525 /* PopoverView.swift in Sources */ = {isa = PBXBuildFile; fileRef = 9C8BC0DA287874F3003EF525 /* PopoverView.swift */; };
		9C8D0AED28879F5C007A8F06 /* GoogleService-Info.plist in Resources */ = {isa = PBXBuildFile; fileRef = 9C8D0AEC28879F5C007A8F06 /* GoogleService-Info.plist */; };
		9C9C74A72875CFAA00620DEB /* UITextField+extension.swift in Sources */ = {isa = PBXBuildFile; fileRef = 9C9C74A62875CFA900620DEB /* UITextField+extension.swift */; };
		9CAB1170287C439B00C55AB8 /* NewFormSheetViewModel.swift in Sources */ = {isa = PBXBuildFile; fileRef = 9CAB116F287C439B00C55AB8 /* NewFormSheetViewModel.swift */; };
		9CAB1172287C518600C55AB8 /* EditFormSheetViewModel.swift in Sources */ = {isa = PBXBuildFile; fileRef = 9CAB1171287C518600C55AB8 /* EditFormSheetViewModel.swift */; };
		9CACA2BC287FECB50024E923 /* TaskSectionView.swift in Sources */ = {isa = PBXBuildFile; fileRef = 9CACA2BB287FECB50024E923 /* TaskSectionView.swift */; };
		9CACA2BE28804CEB0024E923 /* UIViewController+extension.swift in Sources */ = {isa = PBXBuildFile; fileRef = 9CACA2BD28804CEB0024E923 /* UIViewController+extension.swift */; };
		9CACE12D28755BE20010E4F0 /* Then.swift in Sources */ = {isa = PBXBuildFile; fileRef = 9CACE12C28755BE20010E4F0 /* Then.swift */; };
		9CACE13228755FDF0010E4F0 /* TaskTableViewCell.swift in Sources */ = {isa = PBXBuildFile; fileRef = 9CACE13128755FDF0010E4F0 /* TaskTableViewCell.swift */; };
		9CACE135287566F30010E4F0 /* UIFont+extension.swift in Sources */ = {isa = PBXBuildFile; fileRef = 9CACE134287566F30010E4F0 /* UIFont+extension.swift */; };
		9CB74188288F79D500153604 /* FooterView.swift in Sources */ = {isa = PBXBuildFile; fileRef = 9CB74187288F79D500153604 /* FooterView.swift */; };
		9CB7418A289139FE00153604 /* PopNotificationSendable.swift in Sources */ = {isa = PBXBuildFile; fileRef = 9CB74189289139FE00153604 /* PopNotificationSendable.swift */; };
		9CB7418D28921A3600153604 /* PushMovingNotificationSendable.swift in Sources */ = {isa = PBXBuildFile; fileRef = 9CB7418C28921A3600153604 /* PushMovingNotificationSendable.swift */; };
		9CB7418F28921B6300153604 /* PushAddNotificationSendable.swift in Sources */ = {isa = PBXBuildFile; fileRef = 9CB7418E28921B6300153604 /* PushAddNotificationSendable.swift */; };
		9CB7419128921C3B00153604 /* PushDeleteNotificationSendable.swift in Sources */ = {isa = PBXBuildFile; fileRef = 9CB7419028921C3B00153604 /* PushDeleteNotificationSendable.swift */; };
		9CBB9AC2288997120037B024 /* SynchronizeManager.swift in Sources */ = {isa = PBXBuildFile; fileRef = 9CBB9AC1288997120037B024 /* SynchronizeManager.swift */; };
		C7431F0625F51E1D0094C4CF /* AppDelegate.swift in Sources */ = {isa = PBXBuildFile; fileRef = C7431F0525F51E1D0094C4CF /* AppDelegate.swift */; };
		C7431F0825F51E1D0094C4CF /* SceneDelegate.swift in Sources */ = {isa = PBXBuildFile; fileRef = C7431F0725F51E1D0094C4CF /* SceneDelegate.swift */; };
		C7431F0A25F51E1D0094C4CF /* MainViewController.swift in Sources */ = {isa = PBXBuildFile; fileRef = C7431F0925F51E1D0094C4CF /* MainViewController.swift */; };
		C7431F0F25F51E1E0094C4CF /* Assets.xcassets in Resources */ = {isa = PBXBuildFile; fileRef = C7431F0E25F51E1E0094C4CF /* Assets.xcassets */; };
		C7431F1225F51E1E0094C4CF /* LaunchScreen.storyboard in Resources */ = {isa = PBXBuildFile; fileRef = C7431F1025F51E1E0094C4CF /* LaunchScreen.storyboard */; };
/* End PBXBuildFile section */

/* Begin PBXFileReference section */
		23A0A689B6A69796CECE8A71 /* Pods_ProjectManager.framework */ = {isa = PBXFileReference; explicitFileType = wrapper.framework; includeInIndex = 0; path = Pods_ProjectManager.framework; sourceTree = BUILT_PRODUCTS_DIR; };
		2411AF63CB028F679D719B89 /* Pods-ProjectManager.release.xcconfig */ = {isa = PBXFileReference; includeInIndex = 1; lastKnownFileType = text.xcconfig; name = "Pods-ProjectManager.release.xcconfig"; path = "Target Support Files/Pods-ProjectManager/Pods-ProjectManager.release.xcconfig"; sourceTree = "<group>"; };
		4E4479FC288A4880001D99A7 /* HistoryViewController.swift */ = {isa = PBXFileReference; lastKnownFileType = sourcecode.swift; path = HistoryViewController.swift; sourceTree = "<group>"; };
		4E4479FE288A6F35001D99A7 /* HistoryCell.swift */ = {isa = PBXFileReference; lastKnownFileType = sourcecode.swift; path = HistoryCell.swift; sourceTree = "<group>"; };
		4E447A00288A7188001D99A7 /* History.swift */ = {isa = PBXFileReference; lastKnownFileType = sourcecode.swift; path = History.swift; sourceTree = "<group>"; };
		4EA80EEF28802F020054737E /* DatabaseError.swift */ = {isa = PBXFileReference; lastKnownFileType = sourcecode.swift; path = DatabaseError.swift; sourceTree = "<group>"; };
		4EB2451E2876F589007F4056 /* EditFormSheetViewController.swift */ = {isa = PBXFileReference; lastKnownFileType = sourcecode.swift; path = EditFormSheetViewController.swift; sourceTree = "<group>"; };
		4EB2452228773F24007F4056 /* PopoverViewController.swift */ = {isa = PBXFileReference; lastKnownFileType = sourcecode.swift; path = PopoverViewController.swift; sourceTree = "<group>"; };
		4EB3FFC128756FDD0001DBC0 /* Task.swift */ = {isa = PBXFileReference; lastKnownFileType = sourcecode.swift; path = Task.swift; sourceTree = "<group>"; };
		4EB3FFC528757C800001DBC0 /* TaskType.swift */ = {isa = PBXFileReference; lastKnownFileType = sourcecode.swift; path = TaskType.swift; sourceTree = "<group>"; };
		4EB3FFCC28757E1F0001DBC0 /* FormSheetView.swift */ = {isa = PBXFileReference; lastKnownFileType = sourcecode.swift; path = FormSheetView.swift; sourceTree = "<group>"; };
		4EB3FFCE287580FD0001DBC0 /* NewFormSheetViewController.swift */ = {isa = PBXFileReference; lastKnownFileType = sourcecode.swift; path = NewFormSheetViewController.swift; sourceTree = "<group>"; };
		4EB3FFD0287586200001DBC0 /* TaskHeaderView.swift */ = {isa = PBXFileReference; lastKnownFileType = sourcecode.swift; path = TaskHeaderView.swift; sourceTree = "<group>"; };
		4EB3FFD228758E9F0001DBC0 /* MainView.swift */ = {isa = PBXFileReference; lastKnownFileType = sourcecode.swift; path = MainView.swift; sourceTree = "<group>"; };
		4EB595F2287D543D006C8303 /* AppConstants.swift */ = {isa = PBXFileReference; lastKnownFileType = sourcecode.swift; path = AppConstants.swift; sourceTree = "<group>"; };
		4EB89250287C68B1008DE9B8 /* PopoverViewModel.swift */ = {isa = PBXFileReference; lastKnownFileType = sourcecode.swift; path = PopoverViewModel.swift; sourceTree = "<group>"; };
		4EB89252287C6D2E008DE9B8 /* MainViewModel.swift */ = {isa = PBXFileReference; lastKnownFileType = sourcecode.swift; path = MainViewModel.swift; sourceTree = "<group>"; };
		4EBAA741289399E8006E57AE /* UserNotificationManager.swift */ = {isa = PBXFileReference; lastKnownFileType = sourcecode.swift; path = UserNotificationManager.swift; sourceTree = "<group>"; };
		8186A352743ECE68B4046D56 /* Pods-ProjectManager.debug.xcconfig */ = {isa = PBXFileReference; includeInIndex = 1; lastKnownFileType = text.xcconfig; name = "Pods-ProjectManager.debug.xcconfig"; path = "Target Support Files/Pods-ProjectManager/Pods-ProjectManager.debug.xcconfig"; sourceTree = "<group>"; };
		9C8BC0D828786ECF003EF525 /* RealmManager.swift */ = {isa = PBXFileReference; lastKnownFileType = sourcecode.swift; path = RealmManager.swift; sourceTree = "<group>"; };
		9C8BC0DA287874F3003EF525 /* PopoverView.swift */ = {isa = PBXFileReference; lastKnownFileType = sourcecode.swift; path = PopoverView.swift; sourceTree = "<group>"; };
		9C8D0AEC28879F5C007A8F06 /* GoogleService-Info.plist */ = {isa = PBXFileReference; fileEncoding = 4; lastKnownFileType = text.plist.xml; path = "GoogleService-Info.plist"; sourceTree = "<group>"; };
		9C9C74A62875CFA900620DEB /* UITextField+extension.swift */ = {isa = PBXFileReference; lastKnownFileType = sourcecode.swift; path = "UITextField+extension.swift"; sourceTree = "<group>"; };
		9CAB116F287C439B00C55AB8 /* NewFormSheetViewModel.swift */ = {isa = PBXFileReference; lastKnownFileType = sourcecode.swift; path = NewFormSheetViewModel.swift; sourceTree = "<group>"; };
		9CAB1171287C518600C55AB8 /* EditFormSheetViewModel.swift */ = {isa = PBXFileReference; lastKnownFileType = sourcecode.swift; path = EditFormSheetViewModel.swift; sourceTree = "<group>"; };
		9CACA2BB287FECB50024E923 /* TaskSectionView.swift */ = {isa = PBXFileReference; lastKnownFileType = sourcecode.swift; path = TaskSectionView.swift; sourceTree = "<group>"; };
		9CACA2BD28804CEB0024E923 /* UIViewController+extension.swift */ = {isa = PBXFileReference; lastKnownFileType = sourcecode.swift; path = "UIViewController+extension.swift"; sourceTree = "<group>"; };
		9CACE12C28755BE20010E4F0 /* Then.swift */ = {isa = PBXFileReference; lastKnownFileType = sourcecode.swift; path = Then.swift; sourceTree = "<group>"; };
		9CACE13128755FDF0010E4F0 /* TaskTableViewCell.swift */ = {isa = PBXFileReference; lastKnownFileType = sourcecode.swift; path = TaskTableViewCell.swift; sourceTree = "<group>"; };
		9CACE134287566F30010E4F0 /* UIFont+extension.swift */ = {isa = PBXFileReference; lastKnownFileType = sourcecode.swift; path = "UIFont+extension.swift"; sourceTree = "<group>"; };
		9CB74187288F79D500153604 /* FooterView.swift */ = {isa = PBXFileReference; lastKnownFileType = sourcecode.swift; path = FooterView.swift; sourceTree = "<group>"; };
		9CB74189289139FE00153604 /* PopNotificationSendable.swift */ = {isa = PBXFileReference; lastKnownFileType = sourcecode.swift; path = PopNotificationSendable.swift; sourceTree = "<group>"; };
		9CB7418C28921A3600153604 /* PushMovingNotificationSendable.swift */ = {isa = PBXFileReference; lastKnownFileType = sourcecode.swift; path = PushMovingNotificationSendable.swift; sourceTree = "<group>"; };
		9CB7418E28921B6300153604 /* PushAddNotificationSendable.swift */ = {isa = PBXFileReference; lastKnownFileType = sourcecode.swift; path = PushAddNotificationSendable.swift; sourceTree = "<group>"; };
		9CB7419028921C3B00153604 /* PushDeleteNotificationSendable.swift */ = {isa = PBXFileReference; lastKnownFileType = sourcecode.swift; path = PushDeleteNotificationSendable.swift; sourceTree = "<group>"; };
		9CBB9AC1288997120037B024 /* SynchronizeManager.swift */ = {isa = PBXFileReference; lastKnownFileType = sourcecode.swift; path = SynchronizeManager.swift; sourceTree = "<group>"; };
		C7431F0225F51E1D0094C4CF /* ProjectManager.app */ = {isa = PBXFileReference; explicitFileType = wrapper.application; includeInIndex = 0; path = ProjectManager.app; sourceTree = BUILT_PRODUCTS_DIR; };
		C7431F0525F51E1D0094C4CF /* AppDelegate.swift */ = {isa = PBXFileReference; lastKnownFileType = sourcecode.swift; path = AppDelegate.swift; sourceTree = "<group>"; };
		C7431F0725F51E1D0094C4CF /* SceneDelegate.swift */ = {isa = PBXFileReference; lastKnownFileType = sourcecode.swift; path = SceneDelegate.swift; sourceTree = "<group>"; };
		C7431F0925F51E1D0094C4CF /* MainViewController.swift */ = {isa = PBXFileReference; lastKnownFileType = sourcecode.swift; path = MainViewController.swift; sourceTree = "<group>"; };
		C7431F0E25F51E1E0094C4CF /* Assets.xcassets */ = {isa = PBXFileReference; lastKnownFileType = folder.assetcatalog; path = Assets.xcassets; sourceTree = "<group>"; };
		C7431F1125F51E1E0094C4CF /* Base */ = {isa = PBXFileReference; lastKnownFileType = file.storyboard; name = Base; path = Base.lproj/LaunchScreen.storyboard; sourceTree = "<group>"; };
		C7431F1325F51E1E0094C4CF /* Info.plist */ = {isa = PBXFileReference; lastKnownFileType = text.plist.xml; path = Info.plist; sourceTree = "<group>"; };
/* End PBXFileReference section */

/* Begin PBXFrameworksBuildPhase section */
		C7431EFF25F51E1D0094C4CF /* Frameworks */ = {
			isa = PBXFrameworksBuildPhase;
			buildActionMask = 2147483647;
			files = (
				4E59B99728746FE000307D6E /* FirebaseDatabase in Frameworks */,
				4EC236282873DCF9006C9D32 /* RxRelay in Frameworks */,
				4EA80EEC287FA63D0054737E /* RxGesture in Frameworks */,
				4EC236262873DCF9006C9D32 /* RxCocoa in Frameworks */,
				4EC2362A2873DCF9006C9D32 /* RxSwift in Frameworks */,
				018E063A5FE76D5832BED408 /* Pods_ProjectManager.framework in Frameworks */,
				4EA80EE7287FA5EE0054737E /* Realm in Frameworks */,
				4E89D7262875529E000FD1A6 /* SnapKit in Frameworks */,
				4EA80EE9287FA5EE0054737E /* RealmSwift in Frameworks */,
				4E59B99528746FE000307D6E /* FirebaseAnalytics in Frameworks */,
			);
			runOnlyForDeploymentPostprocessing = 0;
		};
/* End PBXFrameworksBuildPhase section */

/* Begin PBXGroup section */
		4E4479FB288A4873001D99A7 /* History */ = {
			isa = PBXGroup;
			children = (
				4E4479FC288A4880001D99A7 /* HistoryViewController.swift */,
				4E4479FE288A6F35001D99A7 /* HistoryCell.swift */,
			);
			path = History;
			sourceTree = "<group>";
		};
		4EB3FFC028756FC10001DBC0 /* Model */ = {
			isa = PBXGroup;
			children = (
				4EB3FFC128756FDD0001DBC0 /* Task.swift */,
				4EB3FFC528757C800001DBC0 /* TaskType.swift */,
				4E447A00288A7188001D99A7 /* History.swift */,
				4EA80EEF28802F020054737E /* DatabaseError.swift */,
			);
			path = Model;
			sourceTree = "<group>";
		};
		4EB3FFC928757DBC0001DBC0 /* Scene */ = {
			isa = PBXGroup;
			children = (
				4E4479FB288A4873001D99A7 /* History */,
				4EC919FD2881464C00EEC18E /* Main */,
				4EC91A002881467400EEC18E /* Popover */,
				4EC919FF2881466700EEC18E /* FormSheet */,
			);
			path = Scene;
			sourceTree = "<group>";
		};
		4EC919FD2881464C00EEC18E /* Main */ = {
			isa = PBXGroup;
			children = (
				4EC91A012881468800EEC18E /* View */,
				4EC91A09288146B900EEC18E /* ViewController */,
				4EC91A022881468D00EEC18E /* ViewModel */,
			);
			path = Main;
			sourceTree = "<group>";
		};
		4EC919FF2881466700EEC18E /* FormSheet */ = {
			isa = PBXGroup;
			children = (
				4EC91A08288146AD00EEC18E /* View */,
				4EC91A0C288146CF00EEC18E /* ViewController */,
				4EC91A07288146A900EEC18E /* ViewModel */,
			);
			path = FormSheet;
			sourceTree = "<group>";
		};
		4EC91A002881467400EEC18E /* Popover */ = {
			isa = PBXGroup;
			children = (
				4EC91A06288146A500EEC18E /* View */,
				4EC91A0B288146C700EEC18E /* ViewController */,
				4EC91A05288146A100EEC18E /* ViewModel */,
			);
			path = Popover;
			sourceTree = "<group>";
		};
		4EC91A012881468800EEC18E /* View */ = {
			isa = PBXGroup;
			children = (
				9CACE13128755FDF0010E4F0 /* TaskTableViewCell.swift */,
				4EB3FFD228758E9F0001DBC0 /* MainView.swift */,
				4EB3FFD0287586200001DBC0 /* TaskHeaderView.swift */,
				9CACA2BB287FECB50024E923 /* TaskSectionView.swift */,
				9CB74187288F79D500153604 /* FooterView.swift */,
			);
			path = View;
			sourceTree = "<group>";
		};
		4EC91A022881468D00EEC18E /* ViewModel */ = {
			isa = PBXGroup;
			children = (
				4EB89252287C6D2E008DE9B8 /* MainViewModel.swift */,
			);
			path = ViewModel;
			sourceTree = "<group>";
		};
		4EC91A05288146A100EEC18E /* ViewModel */ = {
			isa = PBXGroup;
			children = (
				4EB89250287C68B1008DE9B8 /* PopoverViewModel.swift */,
			);
			path = ViewModel;
			sourceTree = "<group>";
		};
		4EC91A06288146A500EEC18E /* View */ = {
			isa = PBXGroup;
			children = (
				9C8BC0DA287874F3003EF525 /* PopoverView.swift */,
			);
			path = View;
			sourceTree = "<group>";
		};
		4EC91A07288146A900EEC18E /* ViewModel */ = {
			isa = PBXGroup;
			children = (
				9CAB116F287C439B00C55AB8 /* NewFormSheetViewModel.swift */,
				9CAB1171287C518600C55AB8 /* EditFormSheetViewModel.swift */,
			);
			path = ViewModel;
			sourceTree = "<group>";
		};
		4EC91A08288146AD00EEC18E /* View */ = {
			isa = PBXGroup;
			children = (
				4EB3FFCC28757E1F0001DBC0 /* FormSheetView.swift */,
			);
			path = View;
			sourceTree = "<group>";
		};
		4EC91A09288146B900EEC18E /* ViewController */ = {
			isa = PBXGroup;
			children = (
				C7431F0925F51E1D0094C4CF /* MainViewController.swift */,
			);
			path = ViewController;
			sourceTree = "<group>";
		};
		4EC91A0B288146C700EEC18E /* ViewController */ = {
			isa = PBXGroup;
			children = (
				4EB2452228773F24007F4056 /* PopoverViewController.swift */,
			);
			path = ViewController;
			sourceTree = "<group>";
		};
		4EC91A0C288146CF00EEC18E /* ViewController */ = {
			isa = PBXGroup;
			children = (
				4EB3FFCE287580FD0001DBC0 /* NewFormSheetViewController.swift */,
				4EB2451E2876F589007F4056 /* EditFormSheetViewController.swift */,
			);
			path = ViewController;
			sourceTree = "<group>";
		};
		754B6EFDB9D820B2CECA678D /* Frameworks */ = {
			isa = PBXGroup;
			children = (
				23A0A689B6A69796CECE8A71 /* Pods_ProjectManager.framework */,
			);
			name = Frameworks;
			sourceTree = "<group>";
		};
		9CACE12B28755BCC0010E4F0 /* Utils */ = {
			isa = PBXGroup;
			children = (
				4EB595F2287D543D006C8303 /* AppConstants.swift */,
				9C8BC0D828786ECF003EF525 /* RealmManager.swift */,
				9CBB9AC1288997120037B024 /* SynchronizeManager.swift */,
				4EBAA741289399E8006E57AE /* UserNotificationManager.swift */,
				9CACE12C28755BE20010E4F0 /* Then.swift */,
				9CB7418B28913A0E00153604 /* Protocol */,
				9CACE133287566D40010E4F0 /* Extension */,
			);
			path = Utils;
			sourceTree = "<group>";
		};
		9CACE133287566D40010E4F0 /* Extension */ = {
			isa = PBXGroup;
			children = (
				9CACE134287566F30010E4F0 /* UIFont+extension.swift */,
				9C9C74A62875CFA900620DEB /* UITextField+extension.swift */,
				9CACA2BD28804CEB0024E923 /* UIViewController+extension.swift */,
			);
			path = Extension;
			sourceTree = "<group>";
		};
		9CB7418B28913A0E00153604 /* Protocol */ = {
			isa = PBXGroup;
			children = (
				9CB74189289139FE00153604 /* PopNotificationSendable.swift */,
				9CB7418C28921A3600153604 /* PushMovingNotificationSendable.swift */,
				9CB7418E28921B6300153604 /* PushAddNotificationSendable.swift */,
				9CB7419028921C3B00153604 /* PushDeleteNotificationSendable.swift */,
			);
			path = Protocol;
			sourceTree = "<group>";
		};
		AE87CCF57CC7FEFBCF5C38F9 /* Pods */ = {
			isa = PBXGroup;
			children = (
				8186A352743ECE68B4046D56 /* Pods-ProjectManager.debug.xcconfig */,
				2411AF63CB028F679D719B89 /* Pods-ProjectManager.release.xcconfig */,
			);
			path = Pods;
			sourceTree = "<group>";
		};
		C7431EF925F51E1D0094C4CF = {
			isa = PBXGroup;
			children = (
				C7431F0425F51E1D0094C4CF /* ProjectManager */,
				C7431F0325F51E1D0094C4CF /* Products */,
				AE87CCF57CC7FEFBCF5C38F9 /* Pods */,
				754B6EFDB9D820B2CECA678D /* Frameworks */,
			);
			sourceTree = "<group>";
		};
		C7431F0325F51E1D0094C4CF /* Products */ = {
			isa = PBXGroup;
			children = (
				C7431F0225F51E1D0094C4CF /* ProjectManager.app */,
			);
			name = Products;
			sourceTree = "<group>";
		};
		C7431F0425F51E1D0094C4CF /* ProjectManager */ = {
			isa = PBXGroup;
			children = (
				4EB3FFC928757DBC0001DBC0 /* Scene */,
				4EB3FFC028756FC10001DBC0 /* Model */,
				9CACE12B28755BCC0010E4F0 /* Utils */,
				C7431F0525F51E1D0094C4CF /* AppDelegate.swift */,
				C7431F0725F51E1D0094C4CF /* SceneDelegate.swift */,
				C7431F0E25F51E1E0094C4CF /* Assets.xcassets */,
				C7431F1025F51E1E0094C4CF /* LaunchScreen.storyboard */,
				C7431F1325F51E1E0094C4CF /* Info.plist */,
				9C8D0AEC28879F5C007A8F06 /* GoogleService-Info.plist */,
			);
			path = ProjectManager;
			sourceTree = "<group>";
		};
/* End PBXGroup section */

/* Begin PBXNativeTarget section */
		C7431F0125F51E1D0094C4CF /* ProjectManager */ = {
			isa = PBXNativeTarget;
			buildConfigurationList = C7431F1625F51E1E0094C4CF /* Build configuration list for PBXNativeTarget "ProjectManager" */;
			buildPhases = (
				9DA73BD4D6B1573B1814E905 /* [CP] Check Pods Manifest.lock */,
				C7431EFE25F51E1D0094C4CF /* Sources */,
				C7431EFF25F51E1D0094C4CF /* Frameworks */,
				C7431F0025F51E1D0094C4CF /* Resources */,
				4EC2361C2873D586006C9D32 /* ShellScript */,
			);
			buildRules = (
			);
			dependencies = (
			);
			name = ProjectManager;
			packageProductDependencies = (
				4EC236252873DCF9006C9D32 /* RxCocoa */,
				4EC236272873DCF9006C9D32 /* RxRelay */,
				4EC236292873DCF9006C9D32 /* RxSwift */,
				4E59B99428746FE000307D6E /* FirebaseAnalytics */,
				4E59B99628746FE000307D6E /* FirebaseDatabase */,
				4E89D7252875529E000FD1A6 /* SnapKit */,
				4EA80EE6287FA5EE0054737E /* Realm */,
				4EA80EE8287FA5EE0054737E /* RealmSwift */,
				4EA80EEB287FA63D0054737E /* RxGesture */,
			);
			productName = ProjectManager;
			productReference = C7431F0225F51E1D0094C4CF /* ProjectManager.app */;
			productType = "com.apple.product-type.application";
		};
/* End PBXNativeTarget section */

/* Begin PBXProject section */
		C7431EFA25F51E1D0094C4CF /* Project object */ = {
			isa = PBXProject;
			attributes = {
				LastSwiftUpdateCheck = 1240;
				LastUpgradeCheck = 1240;
				TargetAttributes = {
					C7431F0125F51E1D0094C4CF = {
						CreatedOnToolsVersion = 12.4;
					};
				};
			};
			buildConfigurationList = C7431EFD25F51E1D0094C4CF /* Build configuration list for PBXProject "ProjectManager" */;
			compatibilityVersion = "Xcode 9.3";
			developmentRegion = en;
			hasScannedForEncodings = 0;
			knownRegions = (
				en,
				Base,
			);
			mainGroup = C7431EF925F51E1D0094C4CF;
			packageReferences = (
				4EC236242873DCF9006C9D32 /* XCRemoteSwiftPackageReference "RxSwift" */,
				4E59B99328746FE000307D6E /* XCRemoteSwiftPackageReference "firebase-ios-sdk" */,
				4E89D7242875529E000FD1A6 /* XCRemoteSwiftPackageReference "SnapKit" */,
				4EA80EE5287FA5EE0054737E /* XCRemoteSwiftPackageReference "realm-cocoa" */,
				4EA80EEA287FA63D0054737E /* XCRemoteSwiftPackageReference "RxGesture" */,
			);
			productRefGroup = C7431F0325F51E1D0094C4CF /* Products */;
			projectDirPath = "";
			projectRoot = "";
			targets = (
				C7431F0125F51E1D0094C4CF /* ProjectManager */,
			);
		};
/* End PBXProject section */

/* Begin PBXResourcesBuildPhase section */
		C7431F0025F51E1D0094C4CF /* Resources */ = {
			isa = PBXResourcesBuildPhase;
			buildActionMask = 2147483647;
			files = (
				C7431F1225F51E1E0094C4CF /* LaunchScreen.storyboard in Resources */,
				9C8D0AED28879F5C007A8F06 /* GoogleService-Info.plist in Resources */,
				C7431F0F25F51E1E0094C4CF /* Assets.xcassets in Resources */,
			);
			runOnlyForDeploymentPostprocessing = 0;
		};
/* End PBXResourcesBuildPhase section */

/* Begin PBXShellScriptBuildPhase section */
		4EC2361C2873D586006C9D32 /* ShellScript */ = {
			isa = PBXShellScriptBuildPhase;
			buildActionMask = 2147483647;
			files = (
			);
			inputFileListPaths = (
			);
			inputPaths = (
			);
			outputFileListPaths = (
			);
			outputPaths = (
			);
			runOnlyForDeploymentPostprocessing = 0;
			shellPath = /bin/sh;
			shellScript = "# Type a script or drag a script file from your workspace to insert its path.\n\"${PODS_ROOT}/SwiftLint/swiftlint\"\n";
		};
		9DA73BD4D6B1573B1814E905 /* [CP] Check Pods Manifest.lock */ = {
			isa = PBXShellScriptBuildPhase;
			buildActionMask = 2147483647;
			files = (
			);
			inputFileListPaths = (
			);
			inputPaths = (
				"${PODS_PODFILE_DIR_PATH}/Podfile.lock",
				"${PODS_ROOT}/Manifest.lock",
			);
			name = "[CP] Check Pods Manifest.lock";
			outputFileListPaths = (
			);
			outputPaths = (
				"$(DERIVED_FILE_DIR)/Pods-ProjectManager-checkManifestLockResult.txt",
			);
			runOnlyForDeploymentPostprocessing = 0;
			shellPath = /bin/sh;
			shellScript = "diff \"${PODS_PODFILE_DIR_PATH}/Podfile.lock\" \"${PODS_ROOT}/Manifest.lock\" > /dev/null\nif [ $? != 0 ] ; then\n    # print error to STDERR\n    echo \"error: The sandbox is not in sync with the Podfile.lock. Run 'pod install' or update your CocoaPods installation.\" >&2\n    exit 1\nfi\n# This output is used by Xcode 'outputs' to avoid re-running this script phase.\necho \"SUCCESS\" > \"${SCRIPT_OUTPUT_FILE_0}\"\n";
			showEnvVarsInLog = 0;
		};
/* End PBXShellScriptBuildPhase section */

/* Begin PBXSourcesBuildPhase section */
		C7431EFE25F51E1D0094C4CF /* Sources */ = {
			isa = PBXSourcesBuildPhase;
			buildActionMask = 2147483647;
			files = (
				4EB2452328773F24007F4056 /* PopoverViewController.swift in Sources */,
				4EB3FFD1287586200001DBC0 /* TaskHeaderView.swift in Sources */,
				9CAB1172287C518600C55AB8 /* EditFormSheetViewModel.swift in Sources */,
				9C9C74A72875CFAA00620DEB /* UITextField+extension.swift in Sources */,
				4EB3FFD328758E9F0001DBC0 /* MainView.swift in Sources */,
				4EA80EF028802F020054737E /* DatabaseError.swift in Sources */,
				4EB3FFCD28757E1F0001DBC0 /* FormSheetView.swift in Sources */,
				9CB7419128921C3B00153604 /* PushDeleteNotificationSendable.swift in Sources */,
				9CACA2BC287FECB50024E923 /* TaskSectionView.swift in Sources */,
				9C8BC0DB287874F3003EF525 /* PopoverView.swift in Sources */,
				4EBAA742289399E8006E57AE /* UserNotificationManager.swift in Sources */,
				9C8BC0D928786ED0003EF525 /* RealmManager.swift in Sources */,
				9CACE13228755FDF0010E4F0 /* TaskTableViewCell.swift in Sources */,
				4EB3FFC228756FDD0001DBC0 /* Task.swift in Sources */,
				9CACA2BE28804CEB0024E923 /* UIViewController+extension.swift in Sources */,
				9CB74188288F79D500153604 /* FooterView.swift in Sources */,
				9CACE12D28755BE20010E4F0 /* Then.swift in Sources */,
				9CBB9AC2288997120037B024 /* SynchronizeManager.swift in Sources */,
				C7431F0A25F51E1D0094C4CF /* MainViewController.swift in Sources */,
				4EB89251287C68B1008DE9B8 /* PopoverViewModel.swift in Sources */,
				4EB3FFCF287580FD0001DBC0 /* NewFormSheetViewController.swift in Sources */,
				C7431F0625F51E1D0094C4CF /* AppDelegate.swift in Sources */,
				9CACE135287566F30010E4F0 /* UIFont+extension.swift in Sources */,
				4EB3FFC628757C800001DBC0 /* TaskType.swift in Sources */,
				4EB595F3287D543D006C8303 /* AppConstants.swift in Sources */,
				9CB7418F28921B6300153604 /* PushAddNotificationSendable.swift in Sources */,
				4E4479FF288A6F35001D99A7 /* HistoryCell.swift in Sources */,
				4E447A01288A7188001D99A7 /* History.swift in Sources */,
				9CAB1170287C439B00C55AB8 /* NewFormSheetViewModel.swift in Sources */,
				4E4479FD288A4880001D99A7 /* HistoryViewController.swift in Sources */,
				4EB2451F2876F589007F4056 /* EditFormSheetViewController.swift in Sources */,
				4EB89253287C6D2E008DE9B8 /* MainViewModel.swift in Sources */,
				9CB7418A289139FE00153604 /* PopNotificationSendable.swift in Sources */,
				9CB7418D28921A3600153604 /* PushMovingNotificationSendable.swift in Sources */,
				C7431F0825F51E1D0094C4CF /* SceneDelegate.swift in Sources */,
			);
			runOnlyForDeploymentPostprocessing = 0;
		};
/* End PBXSourcesBuildPhase section */

/* Begin PBXVariantGroup section */
		C7431F1025F51E1E0094C4CF /* LaunchScreen.storyboard */ = {
			isa = PBXVariantGroup;
			children = (
				C7431F1125F51E1E0094C4CF /* Base */,
			);
			name = LaunchScreen.storyboard;
			sourceTree = "<group>";
		};
/* End PBXVariantGroup section */

/* Begin XCBuildConfiguration section */
		C7431F1425F51E1E0094C4CF /* Debug */ = {
			isa = XCBuildConfiguration;
			buildSettings = {
				ALWAYS_SEARCH_USER_PATHS = NO;
				CLANG_ANALYZER_NONNULL = YES;
				CLANG_ANALYZER_NUMBER_OBJECT_CONVERSION = YES_AGGRESSIVE;
				CLANG_CXX_LANGUAGE_STANDARD = "gnu++14";
				CLANG_CXX_LIBRARY = "libc++";
				CLANG_ENABLE_MODULES = YES;
				CLANG_ENABLE_OBJC_ARC = YES;
				CLANG_ENABLE_OBJC_WEAK = YES;
				CLANG_WARN_BLOCK_CAPTURE_AUTORELEASING = YES;
				CLANG_WARN_BOOL_CONVERSION = YES;
				CLANG_WARN_COMMA = YES;
				CLANG_WARN_CONSTANT_CONVERSION = YES;
				CLANG_WARN_DEPRECATED_OBJC_IMPLEMENTATIONS = YES;
				CLANG_WARN_DIRECT_OBJC_ISA_USAGE = YES_ERROR;
				CLANG_WARN_DOCUMENTATION_COMMENTS = YES;
				CLANG_WARN_EMPTY_BODY = YES;
				CLANG_WARN_ENUM_CONVERSION = YES;
				CLANG_WARN_INFINITE_RECURSION = YES;
				CLANG_WARN_INT_CONVERSION = YES;
				CLANG_WARN_NON_LITERAL_NULL_CONVERSION = YES;
				CLANG_WARN_OBJC_IMPLICIT_RETAIN_SELF = YES;
				CLANG_WARN_OBJC_LITERAL_CONVERSION = YES;
				CLANG_WARN_OBJC_ROOT_CLASS = YES_ERROR;
				CLANG_WARN_QUOTED_INCLUDE_IN_FRAMEWORK_HEADER = YES;
				CLANG_WARN_RANGE_LOOP_ANALYSIS = YES;
				CLANG_WARN_STRICT_PROTOTYPES = YES;
				CLANG_WARN_SUSPICIOUS_MOVE = YES;
				CLANG_WARN_UNGUARDED_AVAILABILITY = YES_AGGRESSIVE;
				CLANG_WARN_UNREACHABLE_CODE = YES;
				CLANG_WARN__DUPLICATE_METHOD_MATCH = YES;
				COPY_PHASE_STRIP = NO;
				DEBUG_INFORMATION_FORMAT = dwarf;
				ENABLE_STRICT_OBJC_MSGSEND = YES;
				ENABLE_TESTABILITY = YES;
				GCC_C_LANGUAGE_STANDARD = gnu11;
				GCC_DYNAMIC_NO_PIC = NO;
				GCC_NO_COMMON_BLOCKS = YES;
				GCC_OPTIMIZATION_LEVEL = 0;
				GCC_PREPROCESSOR_DEFINITIONS = (
					"DEBUG=1",
					"$(inherited)",
				);
				GCC_WARN_64_TO_32_BIT_CONVERSION = YES;
				GCC_WARN_ABOUT_RETURN_TYPE = YES_ERROR;
				GCC_WARN_UNDECLARED_SELECTOR = YES;
				GCC_WARN_UNINITIALIZED_AUTOS = YES_AGGRESSIVE;
				GCC_WARN_UNUSED_FUNCTION = YES;
				GCC_WARN_UNUSED_VARIABLE = YES;
				IPHONEOS_DEPLOYMENT_TARGET = 14.4;
				MTL_ENABLE_DEBUG_INFO = INCLUDE_SOURCE;
				MTL_FAST_MATH = YES;
				ONLY_ACTIVE_ARCH = YES;
				SDKROOT = iphoneos;
				SWIFT_ACTIVE_COMPILATION_CONDITIONS = DEBUG;
				SWIFT_OPTIMIZATION_LEVEL = "-Onone";
			};
			name = Debug;
		};
		C7431F1525F51E1E0094C4CF /* Release */ = {
			isa = XCBuildConfiguration;
			buildSettings = {
				ALWAYS_SEARCH_USER_PATHS = NO;
				CLANG_ANALYZER_NONNULL = YES;
				CLANG_ANALYZER_NUMBER_OBJECT_CONVERSION = YES_AGGRESSIVE;
				CLANG_CXX_LANGUAGE_STANDARD = "gnu++14";
				CLANG_CXX_LIBRARY = "libc++";
				CLANG_ENABLE_MODULES = YES;
				CLANG_ENABLE_OBJC_ARC = YES;
				CLANG_ENABLE_OBJC_WEAK = YES;
				CLANG_WARN_BLOCK_CAPTURE_AUTORELEASING = YES;
				CLANG_WARN_BOOL_CONVERSION = YES;
				CLANG_WARN_COMMA = YES;
				CLANG_WARN_CONSTANT_CONVERSION = YES;
				CLANG_WARN_DEPRECATED_OBJC_IMPLEMENTATIONS = YES;
				CLANG_WARN_DIRECT_OBJC_ISA_USAGE = YES_ERROR;
				CLANG_WARN_DOCUMENTATION_COMMENTS = YES;
				CLANG_WARN_EMPTY_BODY = YES;
				CLANG_WARN_ENUM_CONVERSION = YES;
				CLANG_WARN_INFINITE_RECURSION = YES;
				CLANG_WARN_INT_CONVERSION = YES;
				CLANG_WARN_NON_LITERAL_NULL_CONVERSION = YES;
				CLANG_WARN_OBJC_IMPLICIT_RETAIN_SELF = YES;
				CLANG_WARN_OBJC_LITERAL_CONVERSION = YES;
				CLANG_WARN_OBJC_ROOT_CLASS = YES_ERROR;
				CLANG_WARN_QUOTED_INCLUDE_IN_FRAMEWORK_HEADER = YES;
				CLANG_WARN_RANGE_LOOP_ANALYSIS = YES;
				CLANG_WARN_STRICT_PROTOTYPES = YES;
				CLANG_WARN_SUSPICIOUS_MOVE = YES;
				CLANG_WARN_UNGUARDED_AVAILABILITY = YES_AGGRESSIVE;
				CLANG_WARN_UNREACHABLE_CODE = YES;
				CLANG_WARN__DUPLICATE_METHOD_MATCH = YES;
				COPY_PHASE_STRIP = NO;
				DEBUG_INFORMATION_FORMAT = "dwarf-with-dsym";
				ENABLE_NS_ASSERTIONS = NO;
				ENABLE_STRICT_OBJC_MSGSEND = YES;
				GCC_C_LANGUAGE_STANDARD = gnu11;
				GCC_NO_COMMON_BLOCKS = YES;
				GCC_WARN_64_TO_32_BIT_CONVERSION = YES;
				GCC_WARN_ABOUT_RETURN_TYPE = YES_ERROR;
				GCC_WARN_UNDECLARED_SELECTOR = YES;
				GCC_WARN_UNINITIALIZED_AUTOS = YES_AGGRESSIVE;
				GCC_WARN_UNUSED_FUNCTION = YES;
				GCC_WARN_UNUSED_VARIABLE = YES;
				IPHONEOS_DEPLOYMENT_TARGET = 14.4;
				MTL_ENABLE_DEBUG_INFO = NO;
				MTL_FAST_MATH = YES;
				SDKROOT = iphoneos;
				SWIFT_COMPILATION_MODE = wholemodule;
				SWIFT_OPTIMIZATION_LEVEL = "-O";
				VALIDATE_PRODUCT = YES;
			};
			name = Release;
		};
		C7431F1725F51E1E0094C4CF /* Debug */ = {
			isa = XCBuildConfiguration;
			baseConfigurationReference = 8186A352743ECE68B4046D56 /* Pods-ProjectManager.debug.xcconfig */;
			buildSettings = {
				ASSETCATALOG_COMPILER_APPICON_NAME = AppIcon;
				ASSETCATALOG_COMPILER_GLOBAL_ACCENT_COLOR_NAME = AccentColor;
				CODE_SIGN_STYLE = Automatic;
				DEVELOPMENT_TEAM = "";
				INFOPLIST_FILE = ProjectManager/Info.plist;
				IPHONEOS_DEPLOYMENT_TARGET = 14.1;
				LD_RUNPATH_SEARCH_PATHS = (
					"$(inherited)",
					"@executable_path/Frameworks",
				);
				PRODUCT_BUNDLE_IDENTIFIER = net.yagom.ProjectManager;
				PRODUCT_NAME = "$(TARGET_NAME)";
				SWIFT_VERSION = 5.0;
				TARGETED_DEVICE_FAMILY = 2;
			};
			name = Debug;
		};
		C7431F1825F51E1E0094C4CF /* Release */ = {
			isa = XCBuildConfiguration;
			baseConfigurationReference = 2411AF63CB028F679D719B89 /* Pods-ProjectManager.release.xcconfig */;
			buildSettings = {
				ASSETCATALOG_COMPILER_APPICON_NAME = AppIcon;
				ASSETCATALOG_COMPILER_GLOBAL_ACCENT_COLOR_NAME = AccentColor;
				CODE_SIGN_STYLE = Automatic;
				DEVELOPMENT_TEAM = "";
				INFOPLIST_FILE = ProjectManager/Info.plist;
				IPHONEOS_DEPLOYMENT_TARGET = 14.1;
				LD_RUNPATH_SEARCH_PATHS = (
					"$(inherited)",
					"@executable_path/Frameworks",
				);
				PRODUCT_BUNDLE_IDENTIFIER = net.yagom.ProjectManager;
				PRODUCT_NAME = "$(TARGET_NAME)";
				SWIFT_VERSION = 5.0;
				TARGETED_DEVICE_FAMILY = 2;
			};
			name = Release;
		};
/* End XCBuildConfiguration section */

/* Begin XCConfigurationList section */
		C7431EFD25F51E1D0094C4CF /* Build configuration list for PBXProject "ProjectManager" */ = {
			isa = XCConfigurationList;
			buildConfigurations = (
				C7431F1425F51E1E0094C4CF /* Debug */,
				C7431F1525F51E1E0094C4CF /* Release */,
			);
			defaultConfigurationIsVisible = 0;
			defaultConfigurationName = Release;
		};
		C7431F1625F51E1E0094C4CF /* Build configuration list for PBXNativeTarget "ProjectManager" */ = {
			isa = XCConfigurationList;
			buildConfigurations = (
				C7431F1725F51E1E0094C4CF /* Debug */,
				C7431F1825F51E1E0094C4CF /* Release */,
			);
			defaultConfigurationIsVisible = 0;
			defaultConfigurationName = Release;
		};
/* End XCConfigurationList section */

/* Begin XCRemoteSwiftPackageReference section */
		4E59B99328746FE000307D6E /* XCRemoteSwiftPackageReference "firebase-ios-sdk" */ = {
			isa = XCRemoteSwiftPackageReference;
			repositoryURL = "https://github.com/firebase/firebase-ios-sdk.git";
			requirement = {
				kind = exactVersion;
				version = 9.2.0;
			};
		};
		4E89D7242875529E000FD1A6 /* XCRemoteSwiftPackageReference "SnapKit" */ = {
			isa = XCRemoteSwiftPackageReference;
			repositoryURL = "https://github.com/SnapKit/SnapKit";
			requirement = {
				kind = exactVersion;
				version = 5.6.0;
			};
		};
		4EA80EE5287FA5EE0054737E /* XCRemoteSwiftPackageReference "realm-cocoa" */ = {
			isa = XCRemoteSwiftPackageReference;
			repositoryURL = "https://github.com/realm/realm-cocoa.git";
			requirement = {
				kind = exactVersion;
				version = 10.28.2;
			};
		};
		4EA80EEA287FA63D0054737E /* XCRemoteSwiftPackageReference "RxGesture" */ = {
			isa = XCRemoteSwiftPackageReference;
			repositoryURL = "https://github.com/RxSwiftCommunity/RxGesture";
			requirement = {
				kind = exactVersion;
				version = 4.0.4;
			};
		};
		4EC236242873DCF9006C9D32 /* XCRemoteSwiftPackageReference "RxSwift" */ = {
			isa = XCRemoteSwiftPackageReference;
			repositoryURL = "https://github.com/ReactiveX/RxSwift";
			requirement = {
				kind = exactVersion;
				version = 6.5.0;
			};
		};
/* End XCRemoteSwiftPackageReference section */

/* Begin XCSwiftPackageProductDependency section */
		4E59B99428746FE000307D6E /* FirebaseAnalytics */ = {
			isa = XCSwiftPackageProductDependency;
			package = 4E59B99328746FE000307D6E /* XCRemoteSwiftPackageReference "firebase-ios-sdk" */;
			productName = FirebaseAnalytics;
		};
		4E59B99628746FE000307D6E /* FirebaseDatabase */ = {
			isa = XCSwiftPackageProductDependency;
			package = 4E59B99328746FE000307D6E /* XCRemoteSwiftPackageReference "firebase-ios-sdk" */;
			productName = FirebaseDatabase;
		};
		4E89D7252875529E000FD1A6 /* SnapKit */ = {
			isa = XCSwiftPackageProductDependency;
			package = 4E89D7242875529E000FD1A6 /* XCRemoteSwiftPackageReference "SnapKit" */;
			productName = SnapKit;
		};
		4EA80EE6287FA5EE0054737E /* Realm */ = {
			isa = XCSwiftPackageProductDependency;
			package = 4EA80EE5287FA5EE0054737E /* XCRemoteSwiftPackageReference "realm-cocoa" */;
			productName = Realm;
		};
		4EA80EE8287FA5EE0054737E /* RealmSwift */ = {
			isa = XCSwiftPackageProductDependency;
			package = 4EA80EE5287FA5EE0054737E /* XCRemoteSwiftPackageReference "realm-cocoa" */;
			productName = RealmSwift;
		};
		4EA80EEB287FA63D0054737E /* RxGesture */ = {
			isa = XCSwiftPackageProductDependency;
			package = 4EA80EEA287FA63D0054737E /* XCRemoteSwiftPackageReference "RxGesture" */;
			productName = RxGesture;
		};
		4EC236252873DCF9006C9D32 /* RxCocoa */ = {
			isa = XCSwiftPackageProductDependency;
			package = 4EC236242873DCF9006C9D32 /* XCRemoteSwiftPackageReference "RxSwift" */;
			productName = RxCocoa;
		};
		4EC236272873DCF9006C9D32 /* RxRelay */ = {
			isa = XCSwiftPackageProductDependency;
			package = 4EC236242873DCF9006C9D32 /* XCRemoteSwiftPackageReference "RxSwift" */;
			productName = RxRelay;
		};
		4EC236292873DCF9006C9D32 /* RxSwift */ = {
			isa = XCSwiftPackageProductDependency;
			package = 4EC236242873DCF9006C9D32 /* XCRemoteSwiftPackageReference "RxSwift" */;
			productName = RxSwift;
		};
/* End XCSwiftPackageProductDependency section */
	};
	rootObject = C7431EFA25F51E1D0094C4CF /* Project object */;
}
