{
  "pins" : [
    {
      "identity" : "realm-core",
      "kind" : "remoteSourceControl",
      "location" : "https://github.com/realm/realm-core.git",
      "state" : {
        "revision" : "1eb93c9619f6a05b5a91c2719690606016802e0b",
        "version" : "13.20.1"
      }
    },
    {
      "identity" : "realm-swift",
      "kind" : "remoteSourceControl",
      "location" : "https://github.com/realm/realm-swift.git",
      "state" : {
        "branch" : "master",
        "revision" : "987523254e28254652cab86b4e558a96231bbfe3"
      }
    }
  ],
  "version" : 2
}
